// !$*UTF8*$!
{
	archiveVersion = 1;
	classes = {
	};
	objectVersion = 46;
	objects = {

/* Begin PBXBuildFile section */
		1F361BC81475180E00596615 /* movie.png in Resources */ = {isa = PBXBuildFile; fileRef = CE82A8D514327B3900F4A931 /* movie.png */; };
		1F361BD61475B24500596615 /* preferences.png in Resources */ = {isa = PBXBuildFile; fileRef = 1F80CEAC146C1D4300C193F2 /* preferences.png */; };
		1F361BD71475CAE200596615 /* movie.png in Resources */ = {isa = PBXBuildFile; fileRef = CE82A8D514327B3900F4A931 /* movie.png */; };
		1F361BDA14766FF400596615 /* DetailedMovieInfoTestResults.plist in Resources */ = {isa = PBXBuildFile; fileRef = 1F361BD814765E5400596615 /* DetailedMovieInfoTestResults.plist */; };
		1F5D09FC1456D58F005B77D5 /* MBProgressHUD.m in Sources */ = {isa = PBXBuildFile; fileRef = 1F5D09FB1456D58E005B77D5 /* MBProgressHUD.m */; };
		1F5D0A031456F187005B77D5 /* checkmark.png in Resources */ = {isa = PBXBuildFile; fileRef = 1F5D0A021456F187005B77D5 /* checkmark.png */; };
		1F5D0A891458006F005B77D5 /* infoFilm.html in Resources */ = {isa = PBXBuildFile; fileRef = 1F5D0A881458006F005B77D5 /* infoFilm.html */; };
		1F7351B2146BCC0000D52947 /* UIKit.framework in Frameworks */ = {isa = PBXBuildFile; fileRef = 63626F541419414900F3A4E2 /* UIKit.framework */; };
		1F7351B3146BCC0000D52947 /* Foundation.framework in Frameworks */ = {isa = PBXBuildFile; fileRef = 63626F561419414900F3A4E2 /* Foundation.framework */; };
		1F7351B4146BCC0000D52947 /* CoreGraphics.framework in Frameworks */ = {isa = PBXBuildFile; fileRef = 63626F581419414900F3A4E2 /* CoreGraphics.framework */; };
		1F7351BA146BCC0000D52947 /* InfoPlist.strings in Resources */ = {isa = PBXBuildFile; fileRef = 1F7351B8146BCC0000D52947 /* InfoPlist.strings */; };
		1F7351BC146BCC0000D52947 /* main.m in Sources */ = {isa = PBXBuildFile; fileRef = 1F7351BB146BCC0000D52947 /* main.m */; };
		1F735288146BD3EE00D52947 /* GHUnitIOS.framework in Frameworks */ = {isa = PBXBuildFile; fileRef = 1F735287146BD3EE00D52947 /* GHUnitIOS.framework */; };
		1F7DC357148384F900D0E859 /* libMovies-InfoModel.a in Frameworks */ = {isa = PBXBuildFile; fileRef = 1F7E31871473BA2700E4D7C8 /* libMovies-InfoModel.a */; };
		1F7DC35C14838B5100D0E859 /* OCMock.framework in Copy OCMock Files */ = {isa = PBXBuildFile; fileRef = 1F7DC35B14838B5100D0E859 /* OCMock.framework */; };
		1F7DC35D14838B7C00D0E859 /* OCMock.framework in Frameworks */ = {isa = PBXBuildFile; fileRef = 1F7DC35B14838B5100D0E859 /* OCMock.framework */; };
		1F7DC35F14838B9800D0E859 /* libOCMock.a in Frameworks */ = {isa = PBXBuildFile; fileRef = 1F7DC35E14838B9800D0E859 /* libOCMock.a */; };
		1F7DC36C14867C5000D0E859 /* GHTestCase+Swizzle.m in Sources */ = {isa = PBXBuildFile; fileRef = 1F7DC36214839CCE00D0E859 /* GHTestCase+Swizzle.m */; };
		1F7E316E1472DB6B00E4D7C8 /* YouTubeTest.m in Sources */ = {isa = PBXBuildFile; fileRef = 1F7E316D1472DB6B00E4D7C8 /* YouTubeTest.m */; };
		1F7E31881473BA2700E4D7C8 /* Foundation.framework in Frameworks */ = {isa = PBXBuildFile; fileRef = 63626F561419414900F3A4E2 /* Foundation.framework */; };
		1F7E31941473BA7100E4D7C8 /* libMovies-InfoModel.a in Frameworks */ = {isa = PBXBuildFile; fileRef = 1F7E31871473BA2700E4D7C8 /* libMovies-InfoModel.a */; };
		1F7E31951473BA7B00E4D7C8 /* YouTubeVideo.m in Sources */ = {isa = PBXBuildFile; fileRef = 1FB6037C1467CE3500B3AB59 /* YouTubeVideo.m */; };
		1F80CEAD146C1D4300C193F2 /* preferences.png in Resources */ = {isa = PBXBuildFile; fileRef = 1F80CEAC146C1D4300C193F2 /* preferences.png */; };
		1F91620F146D3C5A003EE551 /* Settings.bundle in Resources */ = {isa = PBXBuildFile; fileRef = 1F91620E146D3C5A003EE551 /* Settings.bundle */; };
		1F9A403F1473DE9D008B53E7 /* MovieInfo.m in Sources */ = {isa = PBXBuildFile; fileRef = 1F8791D814628EC200C7E17C /* MovieInfo.m */; };
		1F9A40401473DE9D008B53E7 /* ShortMovieInfo.m in Sources */ = {isa = PBXBuildFile; fileRef = CE26E1F9142F559700AE8FE0 /* ShortMovieInfo.m */; };
		1F9A40411473DE9D008B53E7 /* DetailedMovieInfo.m in Sources */ = {isa = PBXBuildFile; fileRef = 1FCBCC4A1458769000EB3FD1 /* DetailedMovieInfo.m */; };
		1F9A40421473DE9D008B53E7 /* NSDataAdditions.m in Sources */ = {isa = PBXBuildFile; fileRef = 1FC4A03D145F198900F63225 /* NSDataAdditions.m */; };
		1F9A40431473DE9D008B53E7 /* MovieCache.m in Sources */ = {isa = PBXBuildFile; fileRef = 1F8A9756145EA0D10034F7F8 /* MovieCache.m */; };
		1F9A40441473DEE3008B53E7 /* libRestKitJSONParserJSONKit.a in Frameworks */ = {isa = PBXBuildFile; fileRef = 1F55084414515BAE001C38E3 /* libRestKitJSONParserJSONKit.a */; };
		1F9A40451473DEE3008B53E7 /* libRestKitNetwork.a in Frameworks */ = {isa = PBXBuildFile; fileRef = 1F55083814515BAE001C38E3 /* libRestKitNetwork.a */; };
		1F9A40461473DEE3008B53E7 /* libRestKitObjectMapping.a in Frameworks */ = {isa = PBXBuildFile; fileRef = 1F55083A14515BAE001C38E3 /* libRestKitObjectMapping.a */; };
		1F9A40471473DEE3008B53E7 /* libRestKitSupport.a in Frameworks */ = {isa = PBXBuildFile; fileRef = 1F55083C14515BAE001C38E3 /* libRestKitSupport.a */; };
		1F9A40481473DEE3008B53E7 /* libRestKitXMLParserLibxml.a in Frameworks */ = {isa = PBXBuildFile; fileRef = 1F55084614515BAE001C38E3 /* libRestKitXMLParserLibxml.a */; };
		1F9A40491473DFEB008B53E7 /* MessageUI.framework in Frameworks */ = {isa = PBXBuildFile; fileRef = 1FF0B7CA14717E74007A83D5 /* MessageUI.framework */; };
		1F9A404A1473DFEF008B53E7 /* CFNetwork.framework in Frameworks */ = {isa = PBXBuildFile; fileRef = 1FCC160E1450086100D091E4 /* CFNetwork.framework */; };
		1F9A404B1473DFFF008B53E7 /* MobileCoreServices.framework in Frameworks */ = {isa = PBXBuildFile; fileRef = 1FCC160A1450076D00D091E4 /* MobileCoreServices.framework */; };
		1F9A404C1473DFFF008B53E7 /* SystemConfiguration.framework in Frameworks */ = {isa = PBXBuildFile; fileRef = 1FCC160B1450076D00D091E4 /* SystemConfiguration.framework */; };
		1F9A404D1473E014008B53E7 /* MessageUI.framework in Frameworks */ = {isa = PBXBuildFile; fileRef = 1FF0B7CA14717E74007A83D5 /* MessageUI.framework */; };
		1F9A404E1473E021008B53E7 /* CFNetwork.framework in Frameworks */ = {isa = PBXBuildFile; fileRef = 1FCC160E1450086100D091E4 /* CFNetwork.framework */; };
		1F9A404F1473E04E008B53E7 /* libxml2.dylib in Frameworks */ = {isa = PBXBuildFile; fileRef = 1F5507E714515536001C38E3 /* libxml2.dylib */; };
		1F9A40501473E084008B53E7 /* libxml2.dylib in Frameworks */ = {isa = PBXBuildFile; fileRef = 1F5507E714515536001C38E3 /* libxml2.dylib */; };
		1F9A405F1473E7D3008B53E7 /* libxml2.dylib in Frameworks */ = {isa = PBXBuildFile; fileRef = 1F5507E714515536001C38E3 /* libxml2.dylib */; };
		1F9A40601473E7D7008B53E7 /* libobjc.A.dylib in Frameworks */ = {isa = PBXBuildFile; fileRef = 1FCBCC47145833D300EB3FD1 /* libobjc.A.dylib */; };
		1F9A40611473E885008B53E7 /* MobileCoreServices.framework in Frameworks */ = {isa = PBXBuildFile; fileRef = 1FCC160A1450076D00D091E4 /* MobileCoreServices.framework */; };
		1F9A40621473E898008B53E7 /* SystemConfiguration.framework in Frameworks */ = {isa = PBXBuildFile; fileRef = 1FCC160B1450076D00D091E4 /* SystemConfiguration.framework */; };
		1F9A40631473EF79008B53E7 /* libobjc.A.dylib in Frameworks */ = {isa = PBXBuildFile; fileRef = 1FCBCC47145833D300EB3FD1 /* libobjc.A.dylib */; };
		1F9A40671473FBC6008B53E7 /* ShortMovieInfoTest.m in Sources */ = {isa = PBXBuildFile; fileRef = 1F9A40661473FBC6008B53E7 /* ShortMovieInfoTest.m */; };
		1F9A406A14743AE5008B53E7 /* DetailedMovieInfoTest.m in Sources */ = {isa = PBXBuildFile; fileRef = 1F9A406914743AE5008B53E7 /* DetailedMovieInfoTest.m */; };
		1FB603831467DA1C00B3AB59 /* MediaPlayer.framework in Frameworks */ = {isa = PBXBuildFile; fileRef = 1FB603821467DA1C00B3AB59 /* MediaPlayer.framework */; };
		1FBF207D1461584A009350FE /* ViewActionIndicator.m in Sources */ = {isa = PBXBuildFile; fileRef = 1FBF207C1461584A009350FE /* ViewActionIndicator.m */; };
		1FC86BBE147A466A00183511 /* MovieCacheTest.m in Sources */ = {isa = PBXBuildFile; fileRef = 1FC86BBD147A466A00183511 /* MovieCacheTest.m */; };
		1FC86BC1147AB4EA00183511 /* MovieInfoTest.m in Sources */ = {isa = PBXBuildFile; fileRef = 1FC86BC0147AB4EA00183511 /* MovieInfoTest.m */; };
		1FC86BC3147BC96400183511 /* testGetMovieInfoListWithRealParamsResult.plist in Resources */ = {isa = PBXBuildFile; fileRef = 1FC86BC2147BC96400183511 /* testGetMovieInfoListWithRealParamsResult.plist */; };
		1FCBCC48145833D300EB3FD1 /* libobjc.A.dylib in Frameworks */ = {isa = PBXBuildFile; fileRef = 1FCBCC47145833D300EB3FD1 /* libobjc.A.dylib */; };
		1FCBCD0F145AFA8300EB3FD1 /* FanRating.m in Sources */ = {isa = PBXBuildFile; fileRef = 1FCBCD0E145AFA8300EB3FD1 /* FanRating.m */; };
		1FCBCD11145B03BA00EB3FD1 /* star_empty.png in Resources */ = {isa = PBXBuildFile; fileRef = 1FCBCD10145B03BA00EB3FD1 /* star_empty.png */; };
		1FCBCD13145B03C800EB3FD1 /* star_full.png in Resources */ = {isa = PBXBuildFile; fileRef = 1FCBCD12145B03C800EB3FD1 /* star_full.png */; };
		1FCC160C1450076D00D091E4 /* MobileCoreServices.framework in Frameworks */ = {isa = PBXBuildFile; fileRef = 1FCC160A1450076D00D091E4 /* MobileCoreServices.framework */; };
		1FCC160D1450076D00D091E4 /* SystemConfiguration.framework in Frameworks */ = {isa = PBXBuildFile; fileRef = 1FCC160B1450076D00D091E4 /* SystemConfiguration.framework */; };
		1FCC160F1450086100D091E4 /* CFNetwork.framework in Frameworks */ = {isa = PBXBuildFile; fileRef = 1FCC160E1450086100D091E4 /* CFNetwork.framework */; };
		1FEBFF851488D11400F874F8 /* GHTestCase(ResultsFromFile).m in Sources */ = {isa = PBXBuildFile; fileRef = 1FEBFF841488D11400F874F8 /* GHTestCase(ResultsFromFile).m */; };
		1FEBFF881488E6F100F874F8 /* YouTubeTestResults.plist in Resources */ = {isa = PBXBuildFile; fileRef = 1FEBFF871488E6F100F874F8 /* YouTubeTestResults.plist */; };
		1FF0B7B114717B2D007A83D5 /* IASKAppSettingsViewController.m in Sources */ = {isa = PBXBuildFile; fileRef = 1FF0B78B14717B2D007A83D5 /* IASKAppSettingsViewController.m */; };
		1FF0B7B214717B2D007A83D5 /* IASKAppSettingsWebViewController.m in Sources */ = {isa = PBXBuildFile; fileRef = 1FF0B78D14717B2D007A83D5 /* IASKAppSettingsWebViewController.m */; };
		1FF0B7B314717B2D007A83D5 /* IASKSpecifierValuesViewController.m in Sources */ = {isa = PBXBuildFile; fileRef = 1FF0B78F14717B2D007A83D5 /* IASKSpecifierValuesViewController.m */; };
		1FF0B7B414717B2D007A83D5 /* IASKSettingsReader.m in Sources */ = {isa = PBXBuildFile; fileRef = 1FF0B79214717B2D007A83D5 /* IASKSettingsReader.m */; };
		1FF0B7B514717B2D007A83D5 /* IASKSettingsStore.m in Sources */ = {isa = PBXBuildFile; fileRef = 1FF0B79414717B2D007A83D5 /* IASKSettingsStore.m */; };
		1FF0B7B614717B2D007A83D5 /* IASKSettingsStoreFile.m in Sources */ = {isa = PBXBuildFile; fileRef = 1FF0B79614717B2D007A83D5 /* IASKSettingsStoreFile.m */; };
		1FF0B7B714717B2D007A83D5 /* IASKSettingsStoreUserDefaults.m in Sources */ = {isa = PBXBuildFile; fileRef = 1FF0B79814717B2D007A83D5 /* IASKSettingsStoreUserDefaults.m */; };
		1FF0B7B814717B2D007A83D5 /* IASKSpecifier.m in Sources */ = {isa = PBXBuildFile; fileRef = 1FF0B79A14717B2D007A83D5 /* IASKSpecifier.m */; };
		1FF0B7B914717B2D007A83D5 /* IASKPSSliderSpecifierViewCell.m in Sources */ = {isa = PBXBuildFile; fileRef = 1FF0B79D14717B2D007A83D5 /* IASKPSSliderSpecifierViewCell.m */; };
		1FF0B7BA14717B2D007A83D5 /* IASKPSTextFieldSpecifierViewCell.m in Sources */ = {isa = PBXBuildFile; fileRef = 1FF0B79F14717B2D007A83D5 /* IASKPSTextFieldSpecifierViewCell.m */; };
		1FF0B7BB14717B2D007A83D5 /* IASKPSTitleValueSpecifierViewCell.m in Sources */ = {isa = PBXBuildFile; fileRef = 1FF0B7A114717B2D007A83D5 /* IASKPSTitleValueSpecifierViewCell.m */; };
		1FF0B7BC14717B2D007A83D5 /* IASKPSToggleSwitchSpecifierViewCell.m in Sources */ = {isa = PBXBuildFile; fileRef = 1FF0B7A314717B2D007A83D5 /* IASKPSToggleSwitchSpecifierViewCell.m */; };
		1FF0B7BD14717B2D007A83D5 /* IASKSlider.m in Sources */ = {isa = PBXBuildFile; fileRef = 1FF0B7A514717B2D007A83D5 /* IASKSlider.m */; };
		1FF0B7BE14717B2D007A83D5 /* IASKSwitch.m in Sources */ = {isa = PBXBuildFile; fileRef = 1FF0B7A714717B2D007A83D5 /* IASKSwitch.m */; };
		1FF0B7BF14717B2D007A83D5 /* IASKTextField.m in Sources */ = {isa = PBXBuildFile; fileRef = 1FF0B7A914717B2D007A83D5 /* IASKTextField.m */; };
		1FF0B7C014717B2D007A83D5 /* IASKAppSettingsView.xib in Resources */ = {isa = PBXBuildFile; fileRef = 1FF0B7AB14717B2D007A83D5 /* IASKAppSettingsView.xib */; };
		1FF0B7C114717B2D007A83D5 /* IASKAppSettingsWebView.xib in Resources */ = {isa = PBXBuildFile; fileRef = 1FF0B7AC14717B2D007A83D5 /* IASKAppSettingsWebView.xib */; };
		1FF0B7C214717B2D007A83D5 /* IASKPSSliderSpecifierViewCell.xib in Resources */ = {isa = PBXBuildFile; fileRef = 1FF0B7AD14717B2D007A83D5 /* IASKPSSliderSpecifierViewCell.xib */; };
		1FF0B7C314717B2D007A83D5 /* IASKPSTextFieldSpecifierViewCell.xib in Resources */ = {isa = PBXBuildFile; fileRef = 1FF0B7AE14717B2D007A83D5 /* IASKPSTextFieldSpecifierViewCell.xib */; };
		1FF0B7C414717B2D007A83D5 /* IASKPSToggleSwitchSpecifierViewCell.xib in Resources */ = {isa = PBXBuildFile; fileRef = 1FF0B7AF14717B2D007A83D5 /* IASKPSToggleSwitchSpecifierViewCell.xib */; };
		1FF0B7C514717B2D007A83D5 /* IASKSpecifierValuesView.xib in Resources */ = {isa = PBXBuildFile; fileRef = 1FF0B7B014717B2D007A83D5 /* IASKSpecifierValuesView.xib */; };
		1FF0B7CB14717E74007A83D5 /* MessageUI.framework in Frameworks */ = {isa = PBXBuildFile; fileRef = 1FF0B7CA14717E74007A83D5 /* MessageUI.framework */; };
		63626F551419414900F3A4E2 /* UIKit.framework in Frameworks */ = {isa = PBXBuildFile; fileRef = 63626F541419414900F3A4E2 /* UIKit.framework */; };
		63626F571419414900F3A4E2 /* Foundation.framework in Frameworks */ = {isa = PBXBuildFile; fileRef = 63626F561419414900F3A4E2 /* Foundation.framework */; };
		63626F591419414900F3A4E2 /* CoreGraphics.framework in Frameworks */ = {isa = PBXBuildFile; fileRef = 63626F581419414900F3A4E2 /* CoreGraphics.framework */; };
		63626F5F1419414A00F3A4E2 /* InfoPlist.strings in Resources */ = {isa = PBXBuildFile; fileRef = 63626F5D1419414A00F3A4E2 /* InfoPlist.strings */; };
		63626F611419414A00F3A4E2 /* main.m in Sources */ = {isa = PBXBuildFile; fileRef = 63626F601419414A00F3A4E2 /* main.m */; };
		63626F651419414A00F3A4E2 /* Movies_InfoAppDelegate.m in Sources */ = {isa = PBXBuildFile; fileRef = 63626F641419414A00F3A4E2 /* Movies_InfoAppDelegate.m */; };
		63626F6E1419419000F3A4E2 /* MovieInfoTableView.m in Sources */ = {isa = PBXBuildFile; fileRef = 63626F6C1419419000F3A4E2 /* MovieInfoTableView.m */; };
		63626F6F1419419000F3A4E2 /* MovieInfoTableView.xib in Resources */ = {isa = PBXBuildFile; fileRef = 63626F6D1419419000F3A4E2 /* MovieInfoTableView.xib */; };
		63626F73141946EF00F3A4E2 /* MoviesInfoDetailed.m in Sources */ = {isa = PBXBuildFile; fileRef = 63626F71141946ED00F3A4E2 /* MoviesInfoDetailed.m */; };
		63626F74141946EF00F3A4E2 /* MoviesInfoDetailed.xib in Resources */ = {isa = PBXBuildFile; fileRef = 63626F72141946ED00F3A4E2 /* MoviesInfoDetailed.xib */; };
		CE7E27041422D5D8008BF00A /* MovieShortInfoCell.m in Sources */ = {isa = PBXBuildFile; fileRef = CE7E27031422D5D8008BF00A /* MovieShortInfoCell.m */; };
		CE7E27061422DDA7008BF00A /* MovieShortInfoCellView.xib in Resources */ = {isa = PBXBuildFile; fileRef = CE7E27051422DDA7008BF00A /* MovieShortInfoCellView.xib */; };
		CE82A8D614327B3900F4A931 /* movie.png in Resources */ = {isa = PBXBuildFile; fileRef = CE82A8D514327B3900F4A931 /* movie.png */; };
/* End PBXBuildFile section */

/* Begin PBXContainerItemProxy section */
		1F55083714515BAE001C38E3 /* PBXContainerItemProxy */ = {
			isa = PBXContainerItemProxy;
			containerPortal = 1F55082314515BAD001C38E3 /* RestKit.xcodeproj */;
			proxyType = 2;
			remoteGlobalIDString = 253A07FC1255161B00976E89;
			remoteInfo = RestKitNetwork;
		};
		1F55083914515BAE001C38E3 /* PBXContainerItemProxy */ = {
			isa = PBXContainerItemProxy;
			containerPortal = 1F55082314515BAD001C38E3 /* RestKit.xcodeproj */;
			proxyType = 2;
			remoteGlobalIDString = 253A08031255162C00976E89;
			remoteInfo = RestKitObjectMapping;
		};
		1F55083B14515BAE001C38E3 /* PBXContainerItemProxy */ = {
			isa = PBXContainerItemProxy;
			containerPortal = 1F55082314515BAD001C38E3 /* RestKit.xcodeproj */;
			proxyType = 2;
			remoteGlobalIDString = 253A080C12551D3000976E89;
			remoteInfo = RestKitSupport;
		};
		1F55083D14515BAE001C38E3 /* PBXContainerItemProxy */ = {
			isa = PBXContainerItemProxy;
			containerPortal = 1F55082314515BAD001C38E3 /* RestKit.xcodeproj */;
			proxyType = 2;
			remoteGlobalIDString = 20808DBD13DE8CDC000A156A;
			remoteInfo = "RestKitJSONParser+NXJSON";
		};
		1F55083F14515BAE001C38E3 /* PBXContainerItemProxy */ = {
			isa = PBXContainerItemProxy;
			containerPortal = 1F55082314515BAD001C38E3 /* RestKit.xcodeproj */;
			proxyType = 2;
			remoteGlobalIDString = 2590E64F125231F600531FA8;
			remoteInfo = "RestKitJSONParser+YAJL";
		};
		1F55084114515BAE001C38E3 /* PBXContainerItemProxy */ = {
			isa = PBXContainerItemProxy;
			containerPortal = 1F55082314515BAD001C38E3 /* RestKit.xcodeproj */;
			proxyType = 2;
			remoteGlobalIDString = 2590E66B1252353700531FA8;
			remoteInfo = "RestKitJSONParser+SBJSON";
		};
		1F55084314515BAE001C38E3 /* PBXContainerItemProxy */ = {
			isa = PBXContainerItemProxy;
			containerPortal = 1F55082314515BAD001C38E3 /* RestKit.xcodeproj */;
			proxyType = 2;
			remoteGlobalIDString = 73057FD11331AD2E001908EE;
			remoteInfo = "RestKitJSONParser+JSONKit";
		};
		1F55084514515BAE001C38E3 /* PBXContainerItemProxy */ = {
			isa = PBXContainerItemProxy;
			containerPortal = 1F55082314515BAD001C38E3 /* RestKit.xcodeproj */;
			proxyType = 2;
			remoteGlobalIDString = 25BD43BD1340315800DBACDD;
			remoteInfo = "RestKitXMLParser+Libxml";
		};
		1F55084714515BAE001C38E3 /* PBXContainerItemProxy */ = {
			isa = PBXContainerItemProxy;
			containerPortal = 1F55082314515BAD001C38E3 /* RestKit.xcodeproj */;
			proxyType = 2;
			remoteGlobalIDString = 253A081412551D5300976E89;
			remoteInfo = RestKitCoreData;
		};
		1F55084914515BAE001C38E3 /* PBXContainerItemProxy */ = {
			isa = PBXContainerItemProxy;
			containerPortal = 1F55082314515BAD001C38E3 /* RestKit.xcodeproj */;
			proxyType = 2;
			remoteGlobalIDString = 2523360511E79F090048F9B4;
			remoteInfo = RestKitThree20;
		};
		1F55084B14515BAE001C38E3 /* PBXContainerItemProxy */ = {
			isa = PBXContainerItemProxy;
			containerPortal = 1F55082314515BAD001C38E3 /* RestKit.xcodeproj */;
			proxyType = 2;
			remoteGlobalIDString = 3F6C39A510FE5C95008F47C5;
			remoteInfo = "RestKit Specs";
		};
		1F7E31921473BA6A00E4D7C8 /* PBXContainerItemProxy */ = {
			isa = PBXContainerItemProxy;
			containerPortal = 63626F471419414800F3A4E2 /* Project object */;
			proxyType = 1;
			remoteGlobalIDString = 1F7E31861473BA2700E4D7C8;
			remoteInfo = "Movies-InfoModel";
		};
		1F7E31961473BD3100E4D7C8 /* PBXContainerItemProxy */ = {
			isa = PBXContainerItemProxy;
			containerPortal = 63626F471419414800F3A4E2 /* Project object */;
			proxyType = 1;
			remoteGlobalIDString = 1F7E31861473BA2700E4D7C8;
			remoteInfo = "Movies-InfoModel";
		};
		1F9A403D1473DCED008B53E7 /* PBXContainerItemProxy */ = {
			isa = PBXContainerItemProxy;
			containerPortal = 1F55082314515BAD001C38E3 /* RestKit.xcodeproj */;
			proxyType = 1;
			remoteGlobalIDString = 255B7588133BABBF00ED76AD;
			remoteInfo = RestKit;
		};
/* End PBXContainerItemProxy section */

/* Begin PBXCopyFilesBuildPhase section */
		1F80CE8F146C03EE00C193F2 /* Copy OCMock Files */ = {
			isa = PBXCopyFilesBuildPhase;
			buildActionMask = 2147483647;
			dstPath = "$(BUILT_PRODUCTS_DIR)";
			dstSubfolderSpec = 0;
			files = (
				1F7DC35C14838B5100D0E859 /* OCMock.framework in Copy OCMock Files */,
			);
			name = "Copy OCMock Files";
			runOnlyForDeploymentPostprocessing = 0;
		};
/* End PBXCopyFilesBuildPhase section */

/* Begin PBXFileReference section */
		1F361BD814765E5400596615 /* DetailedMovieInfoTestResults.plist */ = {isa = PBXFileReference; fileEncoding = 4; lastKnownFileType = text.plist.xml; name = DetailedMovieInfoTestResults.plist; path = "Movies-InfoTests/DetailedMovieInfoTestResults.plist"; sourceTree = SOURCE_ROOT; };
		1F5507E714515536001C38E3 /* libxml2.dylib */ = {isa = PBXFileReference; lastKnownFileType = "compiled.mach-o.dylib"; name = libxml2.dylib; path = usr/lib/libxml2.dylib; sourceTree = SDKROOT; };
		1F55082314515BAD001C38E3 /* RestKit.xcodeproj */ = {isa = PBXFileReference; lastKnownFileType = "wrapper.pb-project"; name = RestKit.xcodeproj; path = RestKit/RestKit.xcodeproj; sourceTree = "<group>"; };
		1F5D09FA1456D58E005B77D5 /* MBProgressHUD.h */ = {isa = PBXFileReference; fileEncoding = 4; lastKnownFileType = sourcecode.c.h; name = MBProgressHUD.h; path = ../../MBProgressHUD/MBProgressHUD.h; sourceTree = "<group>"; };
		1F5D09FB1456D58E005B77D5 /* MBProgressHUD.m */ = {isa = PBXFileReference; fileEncoding = 4; lastKnownFileType = sourcecode.c.objc; name = MBProgressHUD.m; path = ../../MBProgressHUD/MBProgressHUD.m; sourceTree = "<group>"; };
		1F5D0A021456F187005B77D5 /* checkmark.png */ = {isa = PBXFileReference; lastKnownFileType = image.png; path = checkmark.png; sourceTree = "<group>"; };
		1F5D0A881458006F005B77D5 /* infoFilm.html */ = {isa = PBXFileReference; fileEncoding = 4; lastKnownFileType = text.html; path = infoFilm.html; sourceTree = "<group>"; };
		1F7351B0146BCC0000D52947 /* Movies-InfoTests.app */ = {isa = PBXFileReference; explicitFileType = wrapper.application; includeInIndex = 0; path = "Movies-InfoTests.app"; sourceTree = BUILT_PRODUCTS_DIR; };
		1F7351B7146BCC0000D52947 /* Movies-InfoTests-Info.plist */ = {isa = PBXFileReference; lastKnownFileType = text.plist.xml; path = "Movies-InfoTests-Info.plist"; sourceTree = "<group>"; };
		1F7351B9146BCC0000D52947 /* en */ = {isa = PBXFileReference; lastKnownFileType = text.plist.strings; name = en; path = en.lproj/InfoPlist.strings; sourceTree = "<group>"; };
		1F7351BB146BCC0000D52947 /* main.m */ = {isa = PBXFileReference; lastKnownFileType = sourcecode.c.objc; path = main.m; sourceTree = "<group>"; };
		1F7351BD146BCC0000D52947 /* Movies-InfoTests-Prefix.pch */ = {isa = PBXFileReference; lastKnownFileType = sourcecode.c.h; path = "Movies-InfoTests-Prefix.pch"; sourceTree = "<group>"; };
		1F735287146BD3EE00D52947 /* GHUnitIOS.framework */ = {isa = PBXFileReference; lastKnownFileType = wrapper.framework; path = GHUnitIOS.framework; sourceTree = "<group>"; };
		1F7DC3531483844A00D0E859 /* OCMock.framework */ = {isa = PBXFileReference; lastKnownFileType = wrapper.framework; path = OCMock.framework; sourceTree = "<group>"; };
		1F7DC35B14838B5100D0E859 /* OCMock.framework */ = {isa = PBXFileReference; lastKnownFileType = wrapper.framework; path = OCMock.framework; sourceTree = "<group>"; };
		1F7DC35E14838B9800D0E859 /* libOCMock.a */ = {isa = PBXFileReference; lastKnownFileType = archive.ar; name = libOCMock.a; path = OCMock.framework/libOCMock.a; sourceTree = "<group>"; };
		1F7DC36114839CCE00D0E859 /* GHTestCase+Swizzle.h */ = {isa = PBXFileReference; fileEncoding = 4; lastKnownFileType = sourcecode.c.h; path = "GHTestCase+Swizzle.h"; sourceTree = "<group>"; };
		1F7DC36214839CCE00D0E859 /* GHTestCase+Swizzle.m */ = {isa = PBXFileReference; fileEncoding = 4; lastKnownFileType = sourcecode.c.objc; path = "GHTestCase+Swizzle.m"; sourceTree = "<group>"; };
		1F7E316C1472DB6B00E4D7C8 /* YouTubeTest.h */ = {isa = PBXFileReference; fileEncoding = 4; lastKnownFileType = sourcecode.c.h; path = YouTubeTest.h; sourceTree = "<group>"; };
		1F7E316D1472DB6B00E4D7C8 /* YouTubeTest.m */ = {isa = PBXFileReference; fileEncoding = 4; lastKnownFileType = sourcecode.c.objc; path = YouTubeTest.m; sourceTree = "<group>"; };
		1F7E31871473BA2700E4D7C8 /* libMovies-InfoModel.a */ = {isa = PBXFileReference; explicitFileType = archive.ar; includeInIndex = 0; path = "libMovies-InfoModel.a"; sourceTree = BUILT_PRODUCTS_DIR; };
		1F7E318B1473BA2700E4D7C8 /* Movies-InfoModel-Prefix.pch */ = {isa = PBXFileReference; lastKnownFileType = sourcecode.c.h; path = "Movies-InfoModel-Prefix.pch"; sourceTree = "<group>"; };
		1F80CEAC146C1D4300C193F2 /* preferences.png */ = {isa = PBXFileReference; lastKnownFileType = image.png; path = preferences.png; sourceTree = "<group>"; };
		1F8791D714628EC200C7E17C /* MovieInfo.h */ = {isa = PBXFileReference; fileEncoding = 4; lastKnownFileType = sourcecode.c.h; path = MovieInfo.h; sourceTree = "<group>"; };
		1F8791D814628EC200C7E17C /* MovieInfo.m */ = {isa = PBXFileReference; fileEncoding = 4; lastKnownFileType = sourcecode.c.objc; path = MovieInfo.m; sourceTree = "<group>"; };
		1F8A9755145EA0D10034F7F8 /* MovieCache.h */ = {isa = PBXFileReference; fileEncoding = 4; lastKnownFileType = sourcecode.c.h; path = MovieCache.h; sourceTree = "<group>"; };
		1F8A9756145EA0D10034F7F8 /* MovieCache.m */ = {isa = PBXFileReference; fileEncoding = 4; lastKnownFileType = sourcecode.c.objc; path = MovieCache.m; sourceTree = "<group>"; };
		1F91620E146D3C5A003EE551 /* Settings.bundle */ = {isa = PBXFileReference; explicitFileType = wrapper.application; path = Settings.bundle; sourceTree = "<group>"; };
		1F9A40651473FBC6008B53E7 /* ShortMovieInfoTest.h */ = {isa = PBXFileReference; fileEncoding = 4; lastKnownFileType = sourcecode.c.h; path = ShortMovieInfoTest.h; sourceTree = "<group>"; };
		1F9A40661473FBC6008B53E7 /* ShortMovieInfoTest.m */ = {isa = PBXFileReference; fileEncoding = 4; lastKnownFileType = sourcecode.c.objc; path = ShortMovieInfoTest.m; sourceTree = "<group>"; };
		1F9A406814743AE5008B53E7 /* DetailedMovieInfoTest.h */ = {isa = PBXFileReference; fileEncoding = 4; lastKnownFileType = sourcecode.c.h; path = DetailedMovieInfoTest.h; sourceTree = "<group>"; };
		1F9A406914743AE5008B53E7 /* DetailedMovieInfoTest.m */ = {isa = PBXFileReference; fileEncoding = 4; lastKnownFileType = sourcecode.c.objc; path = DetailedMovieInfoTest.m; sourceTree = "<group>"; };
		1FB6037B1467CE3500B3AB59 /* YouTubeVideo.h */ = {isa = PBXFileReference; fileEncoding = 4; lastKnownFileType = sourcecode.c.h; path = YouTubeVideo.h; sourceTree = "<group>"; };
		1FB6037C1467CE3500B3AB59 /* YouTubeVideo.m */ = {isa = PBXFileReference; fileEncoding = 4; lastKnownFileType = sourcecode.c.objc; path = YouTubeVideo.m; sourceTree = "<group>"; };
		1FB603821467DA1C00B3AB59 /* MediaPlayer.framework */ = {isa = PBXFileReference; lastKnownFileType = wrapper.framework; name = MediaPlayer.framework; path = System/Library/Frameworks/MediaPlayer.framework; sourceTree = SDKROOT; };
		1FBF207B1461584A009350FE /* ViewActionIndicator.h */ = {isa = PBXFileReference; fileEncoding = 4; lastKnownFileType = sourcecode.c.h; path = ViewActionIndicator.h; sourceTree = "<group>"; };
		1FBF207C1461584A009350FE /* ViewActionIndicator.m */ = {isa = PBXFileReference; fileEncoding = 4; lastKnownFileType = sourcecode.c.objc; path = ViewActionIndicator.m; sourceTree = "<group>"; };
		1FC4A03C145F198900F63225 /* NSDataAdditions.h */ = {isa = PBXFileReference; fileEncoding = 4; lastKnownFileType = sourcecode.c.h; path = NSDataAdditions.h; sourceTree = "<group>"; };
		1FC4A03D145F198900F63225 /* NSDataAdditions.m */ = {isa = PBXFileReference; fileEncoding = 4; lastKnownFileType = sourcecode.c.objc; path = NSDataAdditions.m; sourceTree = "<group>"; };
		1FC86BBC147A466A00183511 /* MovieCacheTest.h */ = {isa = PBXFileReference; fileEncoding = 4; lastKnownFileType = sourcecode.c.h; path = MovieCacheTest.h; sourceTree = "<group>"; };
		1FC86BBD147A466A00183511 /* MovieCacheTest.m */ = {isa = PBXFileReference; fileEncoding = 4; lastKnownFileType = sourcecode.c.objc; path = MovieCacheTest.m; sourceTree = "<group>"; };
		1FC86BBF147AB4EA00183511 /* MovieInfoTest.h */ = {isa = PBXFileReference; fileEncoding = 4; lastKnownFileType = sourcecode.c.h; path = MovieInfoTest.h; sourceTree = "<group>"; };
		1FC86BC0147AB4EA00183511 /* MovieInfoTest.m */ = {isa = PBXFileReference; fileEncoding = 4; lastKnownFileType = sourcecode.c.objc; path = MovieInfoTest.m; sourceTree = "<group>"; };
		1FC86BC2147BC96400183511 /* testGetMovieInfoListWithRealParamsResult.plist */ = {isa = PBXFileReference; fileEncoding = 4; lastKnownFileType = text.plist.xml; path = testGetMovieInfoListWithRealParamsResult.plist; sourceTree = "<group>"; };
		1FCBCC47145833D300EB3FD1 /* libobjc.A.dylib */ = {isa = PBXFileReference; lastKnownFileType = "compiled.mach-o.dylib"; name = libobjc.A.dylib; path = usr/lib/libobjc.A.dylib; sourceTree = SDKROOT; };
		1FCBCC491458769000EB3FD1 /* DetailedMovieInfo.h */ = {isa = PBXFileReference; fileEncoding = 4; lastKnownFileType = sourcecode.c.h; path = DetailedMovieInfo.h; sourceTree = "<group>"; };
		1FCBCC4A1458769000EB3FD1 /* DetailedMovieInfo.m */ = {isa = PBXFileReference; fileEncoding = 4; lastKnownFileType = sourcecode.c.objc; path = DetailedMovieInfo.m; sourceTree = "<group>"; };
		1FCBCD0D145AFA8300EB3FD1 /* FanRating.h */ = {isa = PBXFileReference; fileEncoding = 4; lastKnownFileType = sourcecode.c.h; path = FanRating.h; sourceTree = "<group>"; };
		1FCBCD0E145AFA8300EB3FD1 /* FanRating.m */ = {isa = PBXFileReference; fileEncoding = 4; lastKnownFileType = sourcecode.c.objc; path = FanRating.m; sourceTree = "<group>"; };
		1FCBCD10145B03BA00EB3FD1 /* star_empty.png */ = {isa = PBXFileReference; lastKnownFileType = image.png; path = star_empty.png; sourceTree = "<group>"; };
		1FCBCD12145B03C800EB3FD1 /* star_full.png */ = {isa = PBXFileReference; lastKnownFileType = image.png; path = star_full.png; sourceTree = "<group>"; };
		1FCC160A1450076D00D091E4 /* MobileCoreServices.framework */ = {isa = PBXFileReference; lastKnownFileType = wrapper.framework; name = MobileCoreServices.framework; path = System/Library/Frameworks/MobileCoreServices.framework; sourceTree = SDKROOT; };
		1FCC160B1450076D00D091E4 /* SystemConfiguration.framework */ = {isa = PBXFileReference; lastKnownFileType = wrapper.framework; name = SystemConfiguration.framework; path = System/Library/Frameworks/SystemConfiguration.framework; sourceTree = SDKROOT; };
		1FCC160E1450086100D091E4 /* CFNetwork.framework */ = {isa = PBXFileReference; lastKnownFileType = wrapper.framework; name = CFNetwork.framework; path = System/Library/Frameworks/CFNetwork.framework; sourceTree = SDKROOT; };
		1FEBFF831488D11400F874F8 /* GHTestCase(ResultsFromFile).h */ = {isa = PBXFileReference; fileEncoding = 4; lastKnownFileType = sourcecode.c.h; path = "GHTestCase(ResultsFromFile).h"; sourceTree = "<group>"; };
		1FEBFF841488D11400F874F8 /* GHTestCase(ResultsFromFile).m */ = {isa = PBXFileReference; fileEncoding = 4; lastKnownFileType = sourcecode.c.objc; path = "GHTestCase(ResultsFromFile).m"; sourceTree = "<group>"; };
		1FEBFF871488E6F100F874F8 /* YouTubeTestResults.plist */ = {isa = PBXFileReference; fileEncoding = 4; lastKnownFileType = text.plist.xml; path = YouTubeTestResults.plist; sourceTree = "<group>"; };
		1FF0B78A14717B2D007A83D5 /* IASKAppSettingsViewController.h */ = {isa = PBXFileReference; fileEncoding = 4; lastKnownFileType = sourcecode.c.h; path = IASKAppSettingsViewController.h; sourceTree = "<group>"; };
		1FF0B78B14717B2D007A83D5 /* IASKAppSettingsViewController.m */ = {isa = PBXFileReference; fileEncoding = 4; lastKnownFileType = sourcecode.c.objc; path = IASKAppSettingsViewController.m; sourceTree = "<group>"; };
		1FF0B78C14717B2D007A83D5 /* IASKAppSettingsWebViewController.h */ = {isa = PBXFileReference; fileEncoding = 4; lastKnownFileType = sourcecode.c.h; path = IASKAppSettingsWebViewController.h; sourceTree = "<group>"; };
		1FF0B78D14717B2D007A83D5 /* IASKAppSettingsWebViewController.m */ = {isa = PBXFileReference; fileEncoding = 4; lastKnownFileType = sourcecode.c.objc; path = IASKAppSettingsWebViewController.m; sourceTree = "<group>"; };
		1FF0B78E14717B2D007A83D5 /* IASKSpecifierValuesViewController.h */ = {isa = PBXFileReference; fileEncoding = 4; lastKnownFileType = sourcecode.c.h; path = IASKSpecifierValuesViewController.h; sourceTree = "<group>"; };
		1FF0B78F14717B2D007A83D5 /* IASKSpecifierValuesViewController.m */ = {isa = PBXFileReference; fileEncoding = 4; lastKnownFileType = sourcecode.c.objc; path = IASKSpecifierValuesViewController.m; sourceTree = "<group>"; };
		1FF0B79114717B2D007A83D5 /* IASKSettingsReader.h */ = {isa = PBXFileReference; fileEncoding = 4; lastKnownFileType = sourcecode.c.h; path = IASKSettingsReader.h; sourceTree = "<group>"; };
		1FF0B79214717B2D007A83D5 /* IASKSettingsReader.m */ = {isa = PBXFileReference; fileEncoding = 4; lastKnownFileType = sourcecode.c.objc; path = IASKSettingsReader.m; sourceTree = "<group>"; };
		1FF0B79314717B2D007A83D5 /* IASKSettingsStore.h */ = {isa = PBXFileReference; fileEncoding = 4; lastKnownFileType = sourcecode.c.h; path = IASKSettingsStore.h; sourceTree = "<group>"; };
		1FF0B79414717B2D007A83D5 /* IASKSettingsStore.m */ = {isa = PBXFileReference; fileEncoding = 4; lastKnownFileType = sourcecode.c.objc; path = IASKSettingsStore.m; sourceTree = "<group>"; };
		1FF0B79514717B2D007A83D5 /* IASKSettingsStoreFile.h */ = {isa = PBXFileReference; fileEncoding = 4; lastKnownFileType = sourcecode.c.h; path = IASKSettingsStoreFile.h; sourceTree = "<group>"; };
		1FF0B79614717B2D007A83D5 /* IASKSettingsStoreFile.m */ = {isa = PBXFileReference; fileEncoding = 4; lastKnownFileType = sourcecode.c.objc; path = IASKSettingsStoreFile.m; sourceTree = "<group>"; };
		1FF0B79714717B2D007A83D5 /* IASKSettingsStoreUserDefaults.h */ = {isa = PBXFileReference; fileEncoding = 4; lastKnownFileType = sourcecode.c.h; path = IASKSettingsStoreUserDefaults.h; sourceTree = "<group>"; };
		1FF0B79814717B2D007A83D5 /* IASKSettingsStoreUserDefaults.m */ = {isa = PBXFileReference; fileEncoding = 4; lastKnownFileType = sourcecode.c.objc; path = IASKSettingsStoreUserDefaults.m; sourceTree = "<group>"; };
		1FF0B79914717B2D007A83D5 /* IASKSpecifier.h */ = {isa = PBXFileReference; fileEncoding = 4; lastKnownFileType = sourcecode.c.h; path = IASKSpecifier.h; sourceTree = "<group>"; };
		1FF0B79A14717B2D007A83D5 /* IASKSpecifier.m */ = {isa = PBXFileReference; fileEncoding = 4; lastKnownFileType = sourcecode.c.objc; path = IASKSpecifier.m; sourceTree = "<group>"; };
		1FF0B79C14717B2D007A83D5 /* IASKPSSliderSpecifierViewCell.h */ = {isa = PBXFileReference; fileEncoding = 4; lastKnownFileType = sourcecode.c.h; path = IASKPSSliderSpecifierViewCell.h; sourceTree = "<group>"; };
		1FF0B79D14717B2D007A83D5 /* IASKPSSliderSpecifierViewCell.m */ = {isa = PBXFileReference; fileEncoding = 4; lastKnownFileType = sourcecode.c.objc; path = IASKPSSliderSpecifierViewCell.m; sourceTree = "<group>"; };
		1FF0B79E14717B2D007A83D5 /* IASKPSTextFieldSpecifierViewCell.h */ = {isa = PBXFileReference; fileEncoding = 4; lastKnownFileType = sourcecode.c.h; path = IASKPSTextFieldSpecifierViewCell.h; sourceTree = "<group>"; };
		1FF0B79F14717B2D007A83D5 /* IASKPSTextFieldSpecifierViewCell.m */ = {isa = PBXFileReference; fileEncoding = 4; lastKnownFileType = sourcecode.c.objc; path = IASKPSTextFieldSpecifierViewCell.m; sourceTree = "<group>"; };
		1FF0B7A014717B2D007A83D5 /* IASKPSTitleValueSpecifierViewCell.h */ = {isa = PBXFileReference; fileEncoding = 4; lastKnownFileType = sourcecode.c.h; path = IASKPSTitleValueSpecifierViewCell.h; sourceTree = "<group>"; };
		1FF0B7A114717B2D007A83D5 /* IASKPSTitleValueSpecifierViewCell.m */ = {isa = PBXFileReference; fileEncoding = 4; lastKnownFileType = sourcecode.c.objc; path = IASKPSTitleValueSpecifierViewCell.m; sourceTree = "<group>"; };
		1FF0B7A214717B2D007A83D5 /* IASKPSToggleSwitchSpecifierViewCell.h */ = {isa = PBXFileReference; fileEncoding = 4; lastKnownFileType = sourcecode.c.h; path = IASKPSToggleSwitchSpecifierViewCell.h; sourceTree = "<group>"; };
		1FF0B7A314717B2D007A83D5 /* IASKPSToggleSwitchSpecifierViewCell.m */ = {isa = PBXFileReference; fileEncoding = 4; lastKnownFileType = sourcecode.c.objc; path = IASKPSToggleSwitchSpecifierViewCell.m; sourceTree = "<group>"; };
		1FF0B7A414717B2D007A83D5 /* IASKSlider.h */ = {isa = PBXFileReference; fileEncoding = 4; lastKnownFileType = sourcecode.c.h; path = IASKSlider.h; sourceTree = "<group>"; };
		1FF0B7A514717B2D007A83D5 /* IASKSlider.m */ = {isa = PBXFileReference; fileEncoding = 4; lastKnownFileType = sourcecode.c.objc; path = IASKSlider.m; sourceTree = "<group>"; };
		1FF0B7A614717B2D007A83D5 /* IASKSwitch.h */ = {isa = PBXFileReference; fileEncoding = 4; lastKnownFileType = sourcecode.c.h; path = IASKSwitch.h; sourceTree = "<group>"; };
		1FF0B7A714717B2D007A83D5 /* IASKSwitch.m */ = {isa = PBXFileReference; fileEncoding = 4; lastKnownFileType = sourcecode.c.objc; path = IASKSwitch.m; sourceTree = "<group>"; };
		1FF0B7A814717B2D007A83D5 /* IASKTextField.h */ = {isa = PBXFileReference; fileEncoding = 4; lastKnownFileType = sourcecode.c.h; path = IASKTextField.h; sourceTree = "<group>"; };
		1FF0B7A914717B2D007A83D5 /* IASKTextField.m */ = {isa = PBXFileReference; fileEncoding = 4; lastKnownFileType = sourcecode.c.objc; path = IASKTextField.m; sourceTree = "<group>"; };
		1FF0B7AB14717B2D007A83D5 /* IASKAppSettingsView.xib */ = {isa = PBXFileReference; fileEncoding = 4; lastKnownFileType = file.xib; path = IASKAppSettingsView.xib; sourceTree = "<group>"; };
		1FF0B7AC14717B2D007A83D5 /* IASKAppSettingsWebView.xib */ = {isa = PBXFileReference; fileEncoding = 4; lastKnownFileType = file.xib; path = IASKAppSettingsWebView.xib; sourceTree = "<group>"; };
		1FF0B7AD14717B2D007A83D5 /* IASKPSSliderSpecifierViewCell.xib */ = {isa = PBXFileReference; fileEncoding = 4; lastKnownFileType = file.xib; path = IASKPSSliderSpecifierViewCell.xib; sourceTree = "<group>"; };
		1FF0B7AE14717B2D007A83D5 /* IASKPSTextFieldSpecifierViewCell.xib */ = {isa = PBXFileReference; fileEncoding = 4; lastKnownFileType = file.xib; path = IASKPSTextFieldSpecifierViewCell.xib; sourceTree = "<group>"; };
		1FF0B7AF14717B2D007A83D5 /* IASKPSToggleSwitchSpecifierViewCell.xib */ = {isa = PBXFileReference; fileEncoding = 4; lastKnownFileType = file.xib; path = IASKPSToggleSwitchSpecifierViewCell.xib; sourceTree = "<group>"; };
		1FF0B7B014717B2D007A83D5 /* IASKSpecifierValuesView.xib */ = {isa = PBXFileReference; fileEncoding = 4; lastKnownFileType = file.xib; path = IASKSpecifierValuesView.xib; sourceTree = "<group>"; };
		1FF0B7CA14717E74007A83D5 /* MessageUI.framework */ = {isa = PBXFileReference; lastKnownFileType = wrapper.framework; name = MessageUI.framework; path = System/Library/Frameworks/MessageUI.framework; sourceTree = SDKROOT; };
		63626F501419414900F3A4E2 /* Movies-Info.app */ = {isa = PBXFileReference; explicitFileType = wrapper.application; includeInIndex = 0; path = "Movies-Info.app"; sourceTree = BUILT_PRODUCTS_DIR; };
		63626F541419414900F3A4E2 /* UIKit.framework */ = {isa = PBXFileReference; lastKnownFileType = wrapper.framework; name = UIKit.framework; path = System/Library/Frameworks/UIKit.framework; sourceTree = SDKROOT; };
		63626F561419414900F3A4E2 /* Foundation.framework */ = {isa = PBXFileReference; lastKnownFileType = wrapper.framework; name = Foundation.framework; path = System/Library/Frameworks/Foundation.framework; sourceTree = SDKROOT; };
		63626F581419414900F3A4E2 /* CoreGraphics.framework */ = {isa = PBXFileReference; lastKnownFileType = wrapper.framework; name = CoreGraphics.framework; path = System/Library/Frameworks/CoreGraphics.framework; sourceTree = SDKROOT; };
		63626F5C1419414A00F3A4E2 /* Movies-Info-Info.plist */ = {isa = PBXFileReference; lastKnownFileType = text.plist.xml; path = "Movies-Info-Info.plist"; sourceTree = "<group>"; };
		63626F5E1419414A00F3A4E2 /* en */ = {isa = PBXFileReference; lastKnownFileType = text.plist.strings; name = en; path = en.lproj/InfoPlist.strings; sourceTree = "<group>"; };
		63626F601419414A00F3A4E2 /* main.m */ = {isa = PBXFileReference; lastKnownFileType = sourcecode.c.objc; path = main.m; sourceTree = "<group>"; };
		63626F621419414A00F3A4E2 /* Movies-Info-Prefix.pch */ = {isa = PBXFileReference; lastKnownFileType = sourcecode.c.h; path = "Movies-Info-Prefix.pch"; sourceTree = "<group>"; };
		63626F631419414A00F3A4E2 /* Movies_InfoAppDelegate.h */ = {isa = PBXFileReference; lastKnownFileType = sourcecode.c.h; path = Movies_InfoAppDelegate.h; sourceTree = "<group>"; };
		63626F641419414A00F3A4E2 /* Movies_InfoAppDelegate.m */ = {isa = PBXFileReference; lastKnownFileType = sourcecode.c.objc; path = Movies_InfoAppDelegate.m; sourceTree = "<group>"; };
		63626F6B1419419000F3A4E2 /* MovieInfoTableView.h */ = {isa = PBXFileReference; fileEncoding = 4; lastKnownFileType = sourcecode.c.h; path = MovieInfoTableView.h; sourceTree = "<group>"; };
		63626F6C1419419000F3A4E2 /* MovieInfoTableView.m */ = {isa = PBXFileReference; fileEncoding = 4; lastKnownFileType = sourcecode.c.objc; path = MovieInfoTableView.m; sourceTree = "<group>"; };
		63626F6D1419419000F3A4E2 /* MovieInfoTableView.xib */ = {isa = PBXFileReference; fileEncoding = 4; lastKnownFileType = file.xib; path = MovieInfoTableView.xib; sourceTree = "<group>"; };
		63626F70141946EC00F3A4E2 /* MoviesInfoDetailed.h */ = {isa = PBXFileReference; fileEncoding = 4; lastKnownFileType = sourcecode.c.h; path = MoviesInfoDetailed.h; sourceTree = "<group>"; };
		63626F71141946ED00F3A4E2 /* MoviesInfoDetailed.m */ = {isa = PBXFileReference; fileEncoding = 4; lastKnownFileType = sourcecode.c.objc; path = MoviesInfoDetailed.m; sourceTree = "<group>"; };
		63626F72141946ED00F3A4E2 /* MoviesInfoDetailed.xib */ = {isa = PBXFileReference; fileEncoding = 4; lastKnownFileType = file.xib; path = MoviesInfoDetailed.xib; sourceTree = "<group>"; };
		CE26E1F8142F559700AE8FE0 /* ShortMovieInfo.h */ = {isa = PBXFileReference; fileEncoding = 4; lastKnownFileType = sourcecode.c.h; path = ShortMovieInfo.h; sourceTree = "<group>"; };
		CE26E1F9142F559700AE8FE0 /* ShortMovieInfo.m */ = {isa = PBXFileReference; fileEncoding = 4; lastKnownFileType = sourcecode.c.objc; path = ShortMovieInfo.m; sourceTree = "<group>"; };
		CE7E27021422D5D8008BF00A /* MovieShortInfoCell.h */ = {isa = PBXFileReference; fileEncoding = 4; lastKnownFileType = sourcecode.c.h; path = MovieShortInfoCell.h; sourceTree = "<group>"; };
		CE7E27031422D5D8008BF00A /* MovieShortInfoCell.m */ = {isa = PBXFileReference; fileEncoding = 4; lastKnownFileType = sourcecode.c.objc; path = MovieShortInfoCell.m; sourceTree = "<group>"; };
		CE7E27051422DDA7008BF00A /* MovieShortInfoCellView.xib */ = {isa = PBXFileReference; fileEncoding = 4; lastKnownFileType = file.xib; path = MovieShortInfoCellView.xib; sourceTree = "<group>"; };
		CE82A8D514327B3900F4A931 /* movie.png */ = {isa = PBXFileReference; lastKnownFileType = image.png; path = movie.png; sourceTree = "<group>"; };
/* End PBXFileReference section */

/* Begin PBXFrameworksBuildPhase section */
		1F7351AD146BCC0000D52947 /* Frameworks */ = {
			isa = PBXFrameworksBuildPhase;
			buildActionMask = 2147483647;
			files = (
				1F7DC35F14838B9800D0E859 /* libOCMock.a in Frameworks */,
				1F7DC35D14838B7C00D0E859 /* OCMock.framework in Frameworks */,
				1F7DC357148384F900D0E859 /* libMovies-InfoModel.a in Frameworks */,
				1F9A40631473EF79008B53E7 /* libobjc.A.dylib in Frameworks */,
				1F9A404F1473E04E008B53E7 /* libxml2.dylib in Frameworks */,
				1F9A404E1473E021008B53E7 /* CFNetwork.framework in Frameworks */,
				1F9A40611473E885008B53E7 /* MobileCoreServices.framework in Frameworks */,
				1F7351B2146BCC0000D52947 /* UIKit.framework in Frameworks */,
				1F7351B3146BCC0000D52947 /* Foundation.framework in Frameworks */,
				1F9A404D1473E014008B53E7 /* MessageUI.framework in Frameworks */,
				1F7351B4146BCC0000D52947 /* CoreGraphics.framework in Frameworks */,
				1F9A40621473E898008B53E7 /* SystemConfiguration.framework in Frameworks */,
				1F735288146BD3EE00D52947 /* GHUnitIOS.framework in Frameworks */,
			);
			runOnlyForDeploymentPostprocessing = 0;
		};
		1F7E31841473BA2700E4D7C8 /* Frameworks */ = {
			isa = PBXFrameworksBuildPhase;
			buildActionMask = 2147483647;
			files = (
				1F9A40601473E7D7008B53E7 /* libobjc.A.dylib in Frameworks */,
				1F9A40441473DEE3008B53E7 /* libRestKitJSONParserJSONKit.a in Frameworks */,
				1F9A40451473DEE3008B53E7 /* libRestKitNetwork.a in Frameworks */,
				1F9A40461473DEE3008B53E7 /* libRestKitObjectMapping.a in Frameworks */,
				1F9A40471473DEE3008B53E7 /* libRestKitSupport.a in Frameworks */,
				1F9A40481473DEE3008B53E7 /* libRestKitXMLParserLibxml.a in Frameworks */,
				1F9A405F1473E7D3008B53E7 /* libxml2.dylib in Frameworks */,
				1F9A40491473DFEB008B53E7 /* MessageUI.framework in Frameworks */,
				1F9A404A1473DFEF008B53E7 /* CFNetwork.framework in Frameworks */,
				1F9A404B1473DFFF008B53E7 /* MobileCoreServices.framework in Frameworks */,
				1F9A404C1473DFFF008B53E7 /* SystemConfiguration.framework in Frameworks */,
				1F7E31881473BA2700E4D7C8 /* Foundation.framework in Frameworks */,
			);
			runOnlyForDeploymentPostprocessing = 0;
		};
		63626F4D1419414900F3A4E2 /* Frameworks */ = {
			isa = PBXFrameworksBuildPhase;
			buildActionMask = 2147483647;
			files = (
				1F7E31941473BA7100E4D7C8 /* libMovies-InfoModel.a in Frameworks */,
				1FF0B7CB14717E74007A83D5 /* MessageUI.framework in Frameworks */,
				1F9A40501473E084008B53E7 /* libxml2.dylib in Frameworks */,
				1FCBCC48145833D300EB3FD1 /* libobjc.A.dylib in Frameworks */,
				1FB603831467DA1C00B3AB59 /* MediaPlayer.framework in Frameworks */,
				1FCC160F1450086100D091E4 /* CFNetwork.framework in Frameworks */,
				1FCC160C1450076D00D091E4 /* MobileCoreServices.framework in Frameworks */,
				1FCC160D1450076D00D091E4 /* SystemConfiguration.framework in Frameworks */,
				63626F551419414900F3A4E2 /* UIKit.framework in Frameworks */,
				63626F571419414900F3A4E2 /* Foundation.framework in Frameworks */,
				63626F591419414900F3A4E2 /* CoreGraphics.framework in Frameworks */,
			);
			runOnlyForDeploymentPostprocessing = 0;
		};
/* End PBXFrameworksBuildPhase section */

/* Begin PBXGroup section */
		1F55082414515BAD001C38E3 /* Products */ = {
			isa = PBXGroup;
			children = (
				1F55083814515BAE001C38E3 /* libRestKitNetwork.a */,
				1F55083A14515BAE001C38E3 /* libRestKitObjectMapping.a */,
				1F55083C14515BAE001C38E3 /* libRestKitSupport.a */,
				1F55083E14515BAE001C38E3 /* libRestKitJSONParserNXJSON.a */,
				1F55084014515BAE001C38E3 /* libRestKitJSONParserYAJL.a */,
				1F55084214515BAE001C38E3 /* libRestKitJSONParserSBJSON.a */,
				1F55084414515BAE001C38E3 /* libRestKitJSONParserJSONKit.a */,
				1F55084614515BAE001C38E3 /* libRestKitXMLParserLibxml.a */,
				1F55084814515BAE001C38E3 /* libRestKitCoreData.a */,
				1F55084A14515BAE001C38E3 /* libRestKitThree20.a */,
				1F55084C14515BAE001C38E3 /* RestKitSpecs.app */,
			);
			name = Products;
			sourceTree = "<group>";
		};
		1F5D09FD1456D597005B77D5 /* MBProgressHUD */ = {
			isa = PBXGroup;
			children = (
				1F5D09FA1456D58E005B77D5 /* MBProgressHUD.h */,
				1F5D09FB1456D58E005B77D5 /* MBProgressHUD.m */,
			);
			name = MBProgressHUD;
			sourceTree = "<group>";
		};
		1F5D0A361457E463005B77D5 /* Controller */ = {
			isa = PBXGroup;
			children = (
				63626F6D1419419000F3A4E2 /* MovieInfoTableView.xib */,
				63626F72141946ED00F3A4E2 /* MoviesInfoDetailed.xib */,
				63626F631419414A00F3A4E2 /* Movies_InfoAppDelegate.h */,
				63626F641419414A00F3A4E2 /* Movies_InfoAppDelegate.m */,
				63626F6B1419419000F3A4E2 /* MovieInfoTableView.h */,
				63626F6C1419419000F3A4E2 /* MovieInfoTableView.m */,
				63626F70141946EC00F3A4E2 /* MoviesInfoDetailed.h */,
				63626F71141946ED00F3A4E2 /* MoviesInfoDetailed.m */,
			);
			name = Controller;
			sourceTree = "<group>";
		};
		1F5D0A371457E467005B77D5 /* View */ = {
			isa = PBXGroup;
			children = (
				1FF0B78814717B2D007A83D5 /* InAppSettingsKit */,
				1FBF207A1461581C009350FE /* ViewAdditions */,
				1FCBCD0C145AFA6300EB3FD1 /* FanRating */,
				1F5D0A3A1457E603005B77D5 /* MovieShortInfo */,
				1F5D09FD1456D597005B77D5 /* MBProgressHUD */,
			);
			name = View;
			sourceTree = "<group>";
		};
		1F5D0A381457E469005B77D5 /* Model */ = {
			isa = PBXGroup;
			children = (
				1FB6037A1467CE0800B3AB59 /* YouTube */,
				1F8791F0146291B300C7E17C /* MovieInfo */,
				1F8791F1146291C400C7E17C /* NSDataAdditions */,
				1F8791F2146291DD00C7E17C /* MovieCache */,
			);
			name = Model;
			sourceTree = "<group>";
		};
		1F5D0A391457E58F005B77D5 /* Resources */ = {
			isa = PBXGroup;
			children = (
				1F5D0A8714580006005B77D5 /* Html */,
				CE82A8D414327B3900F4A931 /* Images */,
				1F91620E146D3C5A003EE551 /* Settings.bundle */,
			);
			name = Resources;
			path = "Movies-Info";
			sourceTree = "<group>";
		};
		1F5D0A3A1457E603005B77D5 /* MovieShortInfo */ = {
			isa = PBXGroup;
			children = (
				CE7E27051422DDA7008BF00A /* MovieShortInfoCellView.xib */,
				CE7E27021422D5D8008BF00A /* MovieShortInfoCell.h */,
				CE7E27031422D5D8008BF00A /* MovieShortInfoCell.m */,
			);
			name = MovieShortInfo;
			sourceTree = "<group>";
		};
		1F5D0A8714580006005B77D5 /* Html */ = {
			isa = PBXGroup;
			children = (
				1F5D0A881458006F005B77D5 /* infoFilm.html */,
			);
			name = Html;
			sourceTree = "<group>";
		};
		1F7351B5146BCC0000D52947 /* Movies-InfoTests */ = {
			isa = PBXGroup;
			children = (
				1FEBFF861488D5AA00F874F8 /* TestResults */,
				1F7DC36014839CCE00D0E859 /* GHTestCase+Swizzle */,
				1F7351B6146BCC0000D52947 /* Supporting Files */,
				1F7E316C1472DB6B00E4D7C8 /* YouTubeTest.h */,
				1F7E316D1472DB6B00E4D7C8 /* YouTubeTest.m */,
				1F9A40651473FBC6008B53E7 /* ShortMovieInfoTest.h */,
				1F9A40661473FBC6008B53E7 /* ShortMovieInfoTest.m */,
				1F9A406814743AE5008B53E7 /* DetailedMovieInfoTest.h */,
				1F9A406914743AE5008B53E7 /* DetailedMovieInfoTest.m */,
				1FC86BBC147A466A00183511 /* MovieCacheTest.h */,
				1FC86BBD147A466A00183511 /* MovieCacheTest.m */,
				1FC86BBF147AB4EA00183511 /* MovieInfoTest.h */,
				1FC86BC0147AB4EA00183511 /* MovieInfoTest.m */,
				1FEBFF831488D11400F874F8 /* GHTestCase(ResultsFromFile).h */,
				1FEBFF841488D11400F874F8 /* GHTestCase(ResultsFromFile).m */,
			);
			path = "Movies-InfoTests";
			sourceTree = "<group>";
		};
		1F7351B6146BCC0000D52947 /* Supporting Files */ = {
			isa = PBXGroup;
			children = (
				1F7351B7146BCC0000D52947 /* Movies-InfoTests-Info.plist */,
				1F7351B8146BCC0000D52947 /* InfoPlist.strings */,
				1F7351BB146BCC0000D52947 /* main.m */,
				1F7351BD146BCC0000D52947 /* Movies-InfoTests-Prefix.pch */,
			);
			name = "Supporting Files";
			sourceTree = "<group>";
		};
		1F7DC36014839CCE00D0E859 /* GHTestCase+Swizzle */ = {
			isa = PBXGroup;
			children = (
				1F7DC36114839CCE00D0E859 /* GHTestCase+Swizzle.h */,
				1F7DC36214839CCE00D0E859 /* GHTestCase+Swizzle.m */,
			);
			path = "GHTestCase+Swizzle";
			sourceTree = "<group>";
		};
		1F7E31891473BA2700E4D7C8 /* Movies-InfoModel */ = {
			isa = PBXGroup;
			children = (
				1F7E318A1473BA2700E4D7C8 /* Supporting Files */,
			);
			path = "Movies-InfoModel";
			sourceTree = "<group>";
		};
		1F7E318A1473BA2700E4D7C8 /* Supporting Files */ = {
			isa = PBXGroup;
			children = (
				1F7E318B1473BA2700E4D7C8 /* Movies-InfoModel-Prefix.pch */,
			);
			name = "Supporting Files";
			sourceTree = "<group>";
		};
		1F8791F0146291B300C7E17C /* MovieInfo */ = {
			isa = PBXGroup;
			children = (
				1F8791D714628EC200C7E17C /* MovieInfo.h */,
				1F8791D814628EC200C7E17C /* MovieInfo.m */,
				CE26E1F8142F559700AE8FE0 /* ShortMovieInfo.h */,
				CE26E1F9142F559700AE8FE0 /* ShortMovieInfo.m */,
				1FCBCC491458769000EB3FD1 /* DetailedMovieInfo.h */,
				1FCBCC4A1458769000EB3FD1 /* DetailedMovieInfo.m */,
			);
			name = MovieInfo;
			sourceTree = "<group>";
		};
		1F8791F1146291C400C7E17C /* NSDataAdditions */ = {
			isa = PBXGroup;
			children = (
				1FC4A03C145F198900F63225 /* NSDataAdditions.h */,
				1FC4A03D145F198900F63225 /* NSDataAdditions.m */,
			);
			name = NSDataAdditions;
			sourceTree = "<group>";
		};
		1F8791F2146291DD00C7E17C /* MovieCache */ = {
			isa = PBXGroup;
			children = (
				1F8A9755145EA0D10034F7F8 /* MovieCache.h */,
				1F8A9756145EA0D10034F7F8 /* MovieCache.m */,
			);
			name = MovieCache;
			sourceTree = "<group>";
		};
		1FB6037A1467CE0800B3AB59 /* YouTube */ = {
			isa = PBXGroup;
			children = (
				1FB6037B1467CE3500B3AB59 /* YouTubeVideo.h */,
				1FB6037C1467CE3500B3AB59 /* YouTubeVideo.m */,
			);
			name = YouTube;
			sourceTree = "<group>";
		};
		1FBF207A1461581C009350FE /* ViewAdditions */ = {
			isa = PBXGroup;
			children = (
				1FBF207B1461584A009350FE /* ViewActionIndicator.h */,
				1FBF207C1461584A009350FE /* ViewActionIndicator.m */,
			);
			name = ViewAdditions;
			sourceTree = "<group>";
		};
		1FCBCD0C145AFA6300EB3FD1 /* FanRating */ = {
			isa = PBXGroup;
			children = (
				1FCBCD0D145AFA8300EB3FD1 /* FanRating.h */,
				1FCBCD0E145AFA8300EB3FD1 /* FanRating.m */,
			);
			name = FanRating;
			sourceTree = "<group>";
		};
		1FEBFF861488D5AA00F874F8 /* TestResults */ = {
			isa = PBXGroup;
			children = (
				1F361BD814765E5400596615 /* DetailedMovieInfoTestResults.plist */,
				1FC86BC2147BC96400183511 /* testGetMovieInfoListWithRealParamsResult.plist */,
				1FEBFF871488E6F100F874F8 /* YouTubeTestResults.plist */,
			);
			name = TestResults;
			sourceTree = "<group>";
		};
		1FF0B78814717B2D007A83D5 /* InAppSettingsKit */ = {
			isa = PBXGroup;
			children = (
				1FF0B78914717B2D007A83D5 /* Controllers */,
				1FF0B79014717B2D007A83D5 /* Models */,
				1FF0B79B14717B2D007A83D5 /* Views */,
				1FF0B7AA14717B2D007A83D5 /* Xibs */,
			);
			name = InAppSettingsKit;
			path = ../../InAppSettingsKit/InAppSettingsKit;
			sourceTree = "<group>";
		};
		1FF0B78914717B2D007A83D5 /* Controllers */ = {
			isa = PBXGroup;
			children = (
				1FF0B78A14717B2D007A83D5 /* IASKAppSettingsViewController.h */,
				1FF0B78B14717B2D007A83D5 /* IASKAppSettingsViewController.m */,
				1FF0B78C14717B2D007A83D5 /* IASKAppSettingsWebViewController.h */,
				1FF0B78D14717B2D007A83D5 /* IASKAppSettingsWebViewController.m */,
				1FF0B78E14717B2D007A83D5 /* IASKSpecifierValuesViewController.h */,
				1FF0B78F14717B2D007A83D5 /* IASKSpecifierValuesViewController.m */,
			);
			path = Controllers;
			sourceTree = "<group>";
		};
		1FF0B79014717B2D007A83D5 /* Models */ = {
			isa = PBXGroup;
			children = (
				1FF0B79114717B2D007A83D5 /* IASKSettingsReader.h */,
				1FF0B79214717B2D007A83D5 /* IASKSettingsReader.m */,
				1FF0B79314717B2D007A83D5 /* IASKSettingsStore.h */,
				1FF0B79414717B2D007A83D5 /* IASKSettingsStore.m */,
				1FF0B79514717B2D007A83D5 /* IASKSettingsStoreFile.h */,
				1FF0B79614717B2D007A83D5 /* IASKSettingsStoreFile.m */,
				1FF0B79714717B2D007A83D5 /* IASKSettingsStoreUserDefaults.h */,
				1FF0B79814717B2D007A83D5 /* IASKSettingsStoreUserDefaults.m */,
				1FF0B79914717B2D007A83D5 /* IASKSpecifier.h */,
				1FF0B79A14717B2D007A83D5 /* IASKSpecifier.m */,
			);
			path = Models;
			sourceTree = "<group>";
		};
		1FF0B79B14717B2D007A83D5 /* Views */ = {
			isa = PBXGroup;
			children = (
				1FF0B79C14717B2D007A83D5 /* IASKPSSliderSpecifierViewCell.h */,
				1FF0B79D14717B2D007A83D5 /* IASKPSSliderSpecifierViewCell.m */,
				1FF0B79E14717B2D007A83D5 /* IASKPSTextFieldSpecifierViewCell.h */,
				1FF0B79F14717B2D007A83D5 /* IASKPSTextFieldSpecifierViewCell.m */,
				1FF0B7A014717B2D007A83D5 /* IASKPSTitleValueSpecifierViewCell.h */,
				1FF0B7A114717B2D007A83D5 /* IASKPSTitleValueSpecifierViewCell.m */,
				1FF0B7A214717B2D007A83D5 /* IASKPSToggleSwitchSpecifierViewCell.h */,
				1FF0B7A314717B2D007A83D5 /* IASKPSToggleSwitchSpecifierViewCell.m */,
				1FF0B7A414717B2D007A83D5 /* IASKSlider.h */,
				1FF0B7A514717B2D007A83D5 /* IASKSlider.m */,
				1FF0B7A614717B2D007A83D5 /* IASKSwitch.h */,
				1FF0B7A714717B2D007A83D5 /* IASKSwitch.m */,
				1FF0B7A814717B2D007A83D5 /* IASKTextField.h */,
				1FF0B7A914717B2D007A83D5 /* IASKTextField.m */,
			);
			path = Views;
			sourceTree = "<group>";
		};
		1FF0B7AA14717B2D007A83D5 /* Xibs */ = {
			isa = PBXGroup;
			children = (
				1FF0B7AB14717B2D007A83D5 /* IASKAppSettingsView.xib */,
				1FF0B7AC14717B2D007A83D5 /* IASKAppSettingsWebView.xib */,
				1FF0B7AD14717B2D007A83D5 /* IASKPSSliderSpecifierViewCell.xib */,
				1FF0B7AE14717B2D007A83D5 /* IASKPSTextFieldSpecifierViewCell.xib */,
				1FF0B7AF14717B2D007A83D5 /* IASKPSToggleSwitchSpecifierViewCell.xib */,
				1FF0B7B014717B2D007A83D5 /* IASKSpecifierValuesView.xib */,
			);
			path = Xibs;
			sourceTree = "<group>";
		};
		63626F451419414800F3A4E2 = {
			isa = PBXGroup;
			children = (
				1F55082314515BAD001C38E3 /* RestKit.xcodeproj */,
				63626F5A1419414900F3A4E2 /* Movies-Info */,
				1F7351B5146BCC0000D52947 /* Movies-InfoTests */,
				1F7E31891473BA2700E4D7C8 /* Movies-InfoModel */,
				1F5D0A391457E58F005B77D5 /* Resources */,
				63626F531419414900F3A4E2 /* Frameworks */,
				63626F511419414900F3A4E2 /* Products */,
			);
			sourceTree = "<group>";
		};
		63626F511419414900F3A4E2 /* Products */ = {
			isa = PBXGroup;
			children = (
				63626F501419414900F3A4E2 /* Movies-Info.app */,
				1F7351B0146BCC0000D52947 /* Movies-InfoTests.app */,
				1F7E31871473BA2700E4D7C8 /* libMovies-InfoModel.a */,
			);
			name = Products;
			sourceTree = "<group>";
		};
		63626F531419414900F3A4E2 /* Frameworks */ = {
			isa = PBXGroup;
			children = (
				1F7DC35E14838B9800D0E859 /* libOCMock.a */,
				1F7DC35B14838B5100D0E859 /* OCMock.framework */,
				1F7DC3531483844A00D0E859 /* OCMock.framework */,
				1FF0B7CA14717E74007A83D5 /* MessageUI.framework */,
				1F735287146BD3EE00D52947 /* GHUnitIOS.framework */,
				1FCBCC47145833D300EB3FD1 /* libobjc.A.dylib */,
				1F5507E714515536001C38E3 /* libxml2.dylib */,
				1FB603821467DA1C00B3AB59 /* MediaPlayer.framework */,
				1FCC160E1450086100D091E4 /* CFNetwork.framework */,
				1FCC160A1450076D00D091E4 /* MobileCoreServices.framework */,
				1FCC160B1450076D00D091E4 /* SystemConfiguration.framework */,
				63626F541419414900F3A4E2 /* UIKit.framework */,
				63626F561419414900F3A4E2 /* Foundation.framework */,
				63626F581419414900F3A4E2 /* CoreGraphics.framework */,
			);
			name = Frameworks;
			sourceTree = "<group>";
		};
		63626F5A1419414900F3A4E2 /* Movies-Info */ = {
			isa = PBXGroup;
			children = (
				63626F5B1419414A00F3A4E2 /* Supporting Files */,
				1F5D0A381457E469005B77D5 /* Model */,
				1F5D0A371457E467005B77D5 /* View */,
				1F5D0A361457E463005B77D5 /* Controller */,
			);
			path = "Movies-Info";
			sourceTree = "<group>";
		};
		63626F5B1419414A00F3A4E2 /* Supporting Files */ = {
			isa = PBXGroup;
			children = (
				63626F5C1419414A00F3A4E2 /* Movies-Info-Info.plist */,
				63626F5D1419414A00F3A4E2 /* InfoPlist.strings */,
				63626F601419414A00F3A4E2 /* main.m */,
				63626F621419414A00F3A4E2 /* Movies-Info-Prefix.pch */,
			);
			name = "Supporting Files";
			sourceTree = "<group>";
		};
		CE82A8D414327B3900F4A931 /* Images */ = {
			isa = PBXGroup;
			children = (
				1F80CEAC146C1D4300C193F2 /* preferences.png */,
				1FCBCD10145B03BA00EB3FD1 /* star_empty.png */,
				1FCBCD12145B03C800EB3FD1 /* star_full.png */,
				1F5D0A021456F187005B77D5 /* checkmark.png */,
				CE82A8D514327B3900F4A931 /* movie.png */,
			);
			name = Images;
			path = ../Images;
			sourceTree = "<group>";
		};
/* End PBXGroup section */

/* Begin PBXNativeTarget section */
		1F7351AF146BCC0000D52947 /* Movies-InfoTests */ = {
			isa = PBXNativeTarget;
			buildConfigurationList = 1F7351C1146BCC0000D52947 /* Build configuration list for PBXNativeTarget "Movies-InfoTests" */;
			buildPhases = (
				1F80CE8F146C03EE00C193F2 /* Copy OCMock Files */,
				1F7351AC146BCC0000D52947 /* Sources */,
				1F7351AD146BCC0000D52947 /* Frameworks */,
				1F7351AE146BCC0000D52947 /* Resources */,
			);
			buildRules = (
			);
			dependencies = (
				1F7E31971473BD3100E4D7C8 /* PBXTargetDependency */,
			);
			name = "Movies-InfoTests";
			productName = "Movies-InfoTests";
			productReference = 1F7351B0146BCC0000D52947 /* Movies-InfoTests.app */;
			productType = "com.apple.product-type.application";
		};
		1F7E31861473BA2700E4D7C8 /* Movies-InfoModel */ = {
			isa = PBXNativeTarget;
			buildConfigurationList = 1F7E318F1473BA2700E4D7C8 /* Build configuration list for PBXNativeTarget "Movies-InfoModel" */;
			buildPhases = (
				1F7E31831473BA2700E4D7C8 /* Sources */,
				1F7E31841473BA2700E4D7C8 /* Frameworks */,
				1F361BC71475180300596615 /* Resources */,
			);
			buildRules = (
			);
			dependencies = (
				1F9A403E1473DCED008B53E7 /* PBXTargetDependency */,
			);
			name = "Movies-InfoModel";
			productName = "Movies-InfoModel";
			productReference = 1F7E31871473BA2700E4D7C8 /* libMovies-InfoModel.a */;
			productType = "com.apple.product-type.library.static";
		};
		63626F4F1419414900F3A4E2 /* Movies-Info */ = {
			isa = PBXNativeTarget;
			buildConfigurationList = 63626F681419414A00F3A4E2 /* Build configuration list for PBXNativeTarget "Movies-Info" */;
			buildPhases = (
				63626F4C1419414900F3A4E2 /* Sources */,
				63626F4D1419414900F3A4E2 /* Frameworks */,
				63626F4E1419414900F3A4E2 /* Resources */,
			);
			buildRules = (
			);
			dependencies = (
				1F7E31931473BA6A00E4D7C8 /* PBXTargetDependency */,
			);
			name = "Movies-Info";
			productName = "Movies-Info";
			productReference = 63626F501419414900F3A4E2 /* Movies-Info.app */;
			productType = "com.apple.product-type.application";
		};
/* End PBXNativeTarget section */

/* Begin PBXProject section */
		63626F471419414800F3A4E2 /* Project object */ = {
			isa = PBXProject;
			attributes = {
				LastUpgradeCheck = 0420;
			};
			buildConfigurationList = 63626F4A1419414800F3A4E2 /* Build configuration list for PBXProject "Movies-Info" */;
			compatibilityVersion = "Xcode 3.2";
			developmentRegion = English;
			hasScannedForEncodings = 0;
			knownRegions = (
				en,
			);
			mainGroup = 63626F451419414800F3A4E2;
			productRefGroup = 63626F511419414900F3A4E2 /* Products */;
			projectDirPath = "";
			projectReferences = (
				{
					ProductGroup = 1F55082414515BAD001C38E3 /* Products */;
					ProjectRef = 1F55082314515BAD001C38E3 /* RestKit.xcodeproj */;
				},
			);
			projectRoot = "";
			targets = (
				63626F4F1419414900F3A4E2 /* Movies-Info */,
				1F7351AF146BCC0000D52947 /* Movies-InfoTests */,
				1F7E31861473BA2700E4D7C8 /* Movies-InfoModel */,
			);
		};
/* End PBXProject section */

/* Begin PBXReferenceProxy section */
		1F55083814515BAE001C38E3 /* libRestKitNetwork.a */ = {
			isa = PBXReferenceProxy;
			fileType = archive.ar;
			path = libRestKitNetwork.a;
			remoteRef = 1F55083714515BAE001C38E3 /* PBXContainerItemProxy */;
			sourceTree = BUILT_PRODUCTS_DIR;
		};
		1F55083A14515BAE001C38E3 /* libRestKitObjectMapping.a */ = {
			isa = PBXReferenceProxy;
			fileType = archive.ar;
			path = libRestKitObjectMapping.a;
			remoteRef = 1F55083914515BAE001C38E3 /* PBXContainerItemProxy */;
			sourceTree = BUILT_PRODUCTS_DIR;
		};
		1F55083C14515BAE001C38E3 /* libRestKitSupport.a */ = {
			isa = PBXReferenceProxy;
			fileType = archive.ar;
			path = libRestKitSupport.a;
			remoteRef = 1F55083B14515BAE001C38E3 /* PBXContainerItemProxy */;
			sourceTree = BUILT_PRODUCTS_DIR;
		};
		1F55083E14515BAE001C38E3 /* libRestKitJSONParserNXJSON.a */ = {
			isa = PBXReferenceProxy;
			fileType = archive.ar;
			path = libRestKitJSONParserNXJSON.a;
			remoteRef = 1F55083D14515BAE001C38E3 /* PBXContainerItemProxy */;
			sourceTree = BUILT_PRODUCTS_DIR;
		};
		1F55084014515BAE001C38E3 /* libRestKitJSONParserYAJL.a */ = {
			isa = PBXReferenceProxy;
			fileType = archive.ar;
			path = libRestKitJSONParserYAJL.a;
			remoteRef = 1F55083F14515BAE001C38E3 /* PBXContainerItemProxy */;
			sourceTree = BUILT_PRODUCTS_DIR;
		};
		1F55084214515BAE001C38E3 /* libRestKitJSONParserSBJSON.a */ = {
			isa = PBXReferenceProxy;
			fileType = archive.ar;
			path = libRestKitJSONParserSBJSON.a;
			remoteRef = 1F55084114515BAE001C38E3 /* PBXContainerItemProxy */;
			sourceTree = BUILT_PRODUCTS_DIR;
		};
		1F55084414515BAE001C38E3 /* libRestKitJSONParserJSONKit.a */ = {
			isa = PBXReferenceProxy;
			fileType = archive.ar;
			path = libRestKitJSONParserJSONKit.a;
			remoteRef = 1F55084314515BAE001C38E3 /* PBXContainerItemProxy */;
			sourceTree = BUILT_PRODUCTS_DIR;
		};
		1F55084614515BAE001C38E3 /* libRestKitXMLParserLibxml.a */ = {
			isa = PBXReferenceProxy;
			fileType = archive.ar;
			path = libRestKitXMLParserLibxml.a;
			remoteRef = 1F55084514515BAE001C38E3 /* PBXContainerItemProxy */;
			sourceTree = BUILT_PRODUCTS_DIR;
		};
		1F55084814515BAE001C38E3 /* libRestKitCoreData.a */ = {
			isa = PBXReferenceProxy;
			fileType = archive.ar;
			path = libRestKitCoreData.a;
			remoteRef = 1F55084714515BAE001C38E3 /* PBXContainerItemProxy */;
			sourceTree = BUILT_PRODUCTS_DIR;
		};
		1F55084A14515BAE001C38E3 /* libRestKitThree20.a */ = {
			isa = PBXReferenceProxy;
			fileType = archive.ar;
			path = libRestKitThree20.a;
			remoteRef = 1F55084914515BAE001C38E3 /* PBXContainerItemProxy */;
			sourceTree = BUILT_PRODUCTS_DIR;
		};
		1F55084C14515BAE001C38E3 /* RestKitSpecs.app */ = {
			isa = PBXReferenceProxy;
			fileType = wrapper.application;
			path = RestKitSpecs.app;
			remoteRef = 1F55084B14515BAE001C38E3 /* PBXContainerItemProxy */;
			sourceTree = BUILT_PRODUCTS_DIR;
		};
/* End PBXReferenceProxy section */

/* Begin PBXResourcesBuildPhase section */
		1F361BC71475180300596615 /* Resources */ = {
			isa = PBXResourcesBuildPhase;
			buildActionMask = 2147483647;
			files = (
				1F361BD61475B24500596615 /* preferences.png in Resources */,
				1F361BC81475180E00596615 /* movie.png in Resources */,
			);
			runOnlyForDeploymentPostprocessing = 0;
		};
		1F7351AE146BCC0000D52947 /* Resources */ = {
			isa = PBXResourcesBuildPhase;
			buildActionMask = 2147483647;
			files = (
				1F7351BA146BCC0000D52947 /* InfoPlist.strings in Resources */,
				1F361BD71475CAE200596615 /* movie.png in Resources */,
				1F361BDA14766FF400596615 /* DetailedMovieInfoTestResults.plist in Resources */,
				1FC86BC3147BC96400183511 /* testGetMovieInfoListWithRealParamsResult.plist in Resources */,
				1FEBFF881488E6F100F874F8 /* YouTubeTestResults.plist in Resources */,
			);
			runOnlyForDeploymentPostprocessing = 0;
		};
		63626F4E1419414900F3A4E2 /* Resources */ = {
			isa = PBXResourcesBuildPhase;
			buildActionMask = 2147483647;
			files = (
				63626F5F1419414A00F3A4E2 /* InfoPlist.strings in Resources */,
				63626F6F1419419000F3A4E2 /* MovieInfoTableView.xib in Resources */,
				63626F74141946EF00F3A4E2 /* MoviesInfoDetailed.xib in Resources */,
				CE7E27061422DDA7008BF00A /* MovieShortInfoCellView.xib in Resources */,
				CE82A8D614327B3900F4A931 /* movie.png in Resources */,
				1F5D0A031456F187005B77D5 /* checkmark.png in Resources */,
				1F5D0A891458006F005B77D5 /* infoFilm.html in Resources */,
				1FCBCD11145B03BA00EB3FD1 /* star_empty.png in Resources */,
				1FCBCD13145B03C800EB3FD1 /* star_full.png in Resources */,
				1F80CEAD146C1D4300C193F2 /* preferences.png in Resources */,
				1F91620F146D3C5A003EE551 /* Settings.bundle in Resources */,
				1FF0B7C014717B2D007A83D5 /* IASKAppSettingsView.xib in Resources */,
				1FF0B7C114717B2D007A83D5 /* IASKAppSettingsWebView.xib in Resources */,
				1FF0B7C214717B2D007A83D5 /* IASKPSSliderSpecifierViewCell.xib in Resources */,
				1FF0B7C314717B2D007A83D5 /* IASKPSTextFieldSpecifierViewCell.xib in Resources */,
				1FF0B7C414717B2D007A83D5 /* IASKPSToggleSwitchSpecifierViewCell.xib in Resources */,
				1FF0B7C514717B2D007A83D5 /* IASKSpecifierValuesView.xib in Resources */,
			);
			runOnlyForDeploymentPostprocessing = 0;
		};
/* End PBXResourcesBuildPhase section */

/* Begin PBXSourcesBuildPhase section */
		1F7351AC146BCC0000D52947 /* Sources */ = {
			isa = PBXSourcesBuildPhase;
			buildActionMask = 2147483647;
			files = (
				1F7351BC146BCC0000D52947 /* main.m in Sources */,
				1F7E316E1472DB6B00E4D7C8 /* YouTubeTest.m in Sources */,
				1F9A40671473FBC6008B53E7 /* ShortMovieInfoTest.m in Sources */,
				1F9A406A14743AE5008B53E7 /* DetailedMovieInfoTest.m in Sources */,
				1FC86BBE147A466A00183511 /* MovieCacheTest.m in Sources */,
				1FC86BC1147AB4EA00183511 /* MovieInfoTest.m in Sources */,
				1F7DC36C14867C5000D0E859 /* GHTestCase+Swizzle.m in Sources */,
				1FEBFF851488D11400F874F8 /* GHTestCase(ResultsFromFile).m in Sources */,
			);
			runOnlyForDeploymentPostprocessing = 0;
		};
		1F7E31831473BA2700E4D7C8 /* Sources */ = {
			isa = PBXSourcesBuildPhase;
			buildActionMask = 2147483647;
			files = (
				1F9A403F1473DE9D008B53E7 /* MovieInfo.m in Sources */,
				1F9A40401473DE9D008B53E7 /* ShortMovieInfo.m in Sources */,
				1F9A40411473DE9D008B53E7 /* DetailedMovieInfo.m in Sources */,
				1F9A40421473DE9D008B53E7 /* NSDataAdditions.m in Sources */,
				1F9A40431473DE9D008B53E7 /* MovieCache.m in Sources */,
				1F7E31951473BA7B00E4D7C8 /* YouTubeVideo.m in Sources */,
			);
			runOnlyForDeploymentPostprocessing = 0;
		};
		63626F4C1419414900F3A4E2 /* Sources */ = {
			isa = PBXSourcesBuildPhase;
			buildActionMask = 2147483647;
			files = (
				63626F611419414A00F3A4E2 /* main.m in Sources */,
				63626F651419414A00F3A4E2 /* Movies_InfoAppDelegate.m in Sources */,
				63626F6E1419419000F3A4E2 /* MovieInfoTableView.m in Sources */,
				63626F73141946EF00F3A4E2 /* MoviesInfoDetailed.m in Sources */,
				CE7E27041422D5D8008BF00A /* MovieShortInfoCell.m in Sources */,
				1F5D09FC1456D58F005B77D5 /* MBProgressHUD.m in Sources */,
				1FCBCD0F145AFA8300EB3FD1 /* FanRating.m in Sources */,
				1FBF207D1461584A009350FE /* ViewActionIndicator.m in Sources */,
				1FF0B7B114717B2D007A83D5 /* IASKAppSettingsViewController.m in Sources */,
				1FF0B7B214717B2D007A83D5 /* IASKAppSettingsWebViewController.m in Sources */,
				1FF0B7B314717B2D007A83D5 /* IASKSpecifierValuesViewController.m in Sources */,
				1FF0B7B414717B2D007A83D5 /* IASKSettingsReader.m in Sources */,
				1FF0B7B514717B2D007A83D5 /* IASKSettingsStore.m in Sources */,
				1FF0B7B614717B2D007A83D5 /* IASKSettingsStoreFile.m in Sources */,
				1FF0B7B714717B2D007A83D5 /* IASKSettingsStoreUserDefaults.m in Sources */,
				1FF0B7B814717B2D007A83D5 /* IASKSpecifier.m in Sources */,
				1FF0B7B914717B2D007A83D5 /* IASKPSSliderSpecifierViewCell.m in Sources */,
				1FF0B7BA14717B2D007A83D5 /* IASKPSTextFieldSpecifierViewCell.m in Sources */,
				1FF0B7BB14717B2D007A83D5 /* IASKPSTitleValueSpecifierViewCell.m in Sources */,
				1FF0B7BC14717B2D007A83D5 /* IASKPSToggleSwitchSpecifierViewCell.m in Sources */,
				1FF0B7BD14717B2D007A83D5 /* IASKSlider.m in Sources */,
				1FF0B7BE14717B2D007A83D5 /* IASKSwitch.m in Sources */,
				1FF0B7BF14717B2D007A83D5 /* IASKTextField.m in Sources */,
			);
			runOnlyForDeploymentPostprocessing = 0;
		};
/* End PBXSourcesBuildPhase section */

/* Begin PBXTargetDependency section */
		1F7E31931473BA6A00E4D7C8 /* PBXTargetDependency */ = {
			isa = PBXTargetDependency;
			target = 1F7E31861473BA2700E4D7C8 /* Movies-InfoModel */;
			targetProxy = 1F7E31921473BA6A00E4D7C8 /* PBXContainerItemProxy */;
		};
		1F7E31971473BD3100E4D7C8 /* PBXTargetDependency */ = {
			isa = PBXTargetDependency;
			target = 1F7E31861473BA2700E4D7C8 /* Movies-InfoModel */;
			targetProxy = 1F7E31961473BD3100E4D7C8 /* PBXContainerItemProxy */;
		};
		1F9A403E1473DCED008B53E7 /* PBXTargetDependency */ = {
			isa = PBXTargetDependency;
			name = RestKit;
			targetProxy = 1F9A403D1473DCED008B53E7 /* PBXContainerItemProxy */;
		};
/* End PBXTargetDependency section */

/* Begin PBXVariantGroup section */
		1F7351B8146BCC0000D52947 /* InfoPlist.strings */ = {
			isa = PBXVariantGroup;
			children = (
				1F7351B9146BCC0000D52947 /* en */,
			);
			name = InfoPlist.strings;
			sourceTree = "<group>";
		};
		63626F5D1419414A00F3A4E2 /* InfoPlist.strings */ = {
			isa = PBXVariantGroup;
			children = (
				63626F5E1419414A00F3A4E2 /* en */,
			);
			name = InfoPlist.strings;
			sourceTree = "<group>";
		};
/* End PBXVariantGroup section */

/* Begin XCBuildConfiguration section */
		1F7351C2146BCC0000D52947 /* Debug */ = {
			isa = XCBuildConfiguration;
			buildSettings = {
				"CODE_SIGN_IDENTITY[sdk=iphoneos*]" = "iPhone Developer";
				FRAMEWORK_SEARCH_PATHS = (
					"$(inherited)",
					"\"$(SRCROOT)\"",
				);
				GCC_PRECOMPILE_PREFIX_HEADER = YES;
				GCC_PREFIX_HEADER = "Movies-InfoTests/Movies-InfoTests-Prefix.pch";
				HEADER_SEARCH_PATHS = "$(SOURCE_ROOT)/RestKit/Build/";
				INFOPLIST_FILE = "Movies-InfoTests/Movies-InfoTests-Info.plist";
				LIBRARY_SEARCH_PATHS = (
					"$(inherited)",
					"\"$(SRCROOT)/GHUnitIOS.framework/Versions/A\"",
					"\"$(SRCROOT)/OCMock.framework/Versions/A\"",
					"\"$(SRCROOT)/OCMock.framework\"",
				);
				OTHER_LDFLAGS = (
					"-ObjC",
					"-all_load",
				);
				PRODUCT_NAME = "$(TARGET_NAME)";
				WRAPPER_EXTENSION = app;
			};
			name = Debug;
		};
		1F7351C3146BCC0000D52947 /* Release */ = {
			isa = XCBuildConfiguration;
			buildSettings = {
				"CODE_SIGN_IDENTITY[sdk=iphoneos*]" = "iPhone Developer";
				FRAMEWORK_SEARCH_PATHS = (
					"$(inherited)",
					"\"$(SRCROOT)\"",
				);
				GCC_PRECOMPILE_PREFIX_HEADER = YES;
				GCC_PREFIX_HEADER = "Movies-InfoTests/Movies-InfoTests-Prefix.pch";
				HEADER_SEARCH_PATHS = "$(SOURCE_ROOT)/RestKit/Build/";
				INFOPLIST_FILE = "Movies-InfoTests/Movies-InfoTests-Info.plist";
				LIBRARY_SEARCH_PATHS = (
					"$(inherited)",
					"\"$(SRCROOT)/GHUnitIOS.framework/Versions/A\"",
					"\"$(SRCROOT)/OCMock.framework/Versions/A\"",
					"\"$(SRCROOT)/OCMock.framework\"",
				);
				OTHER_LDFLAGS = (
					"-ObjC",
					"-all_load",
				);
				PRODUCT_NAME = "$(TARGET_NAME)";
				WRAPPER_EXTENSION = app;
			};
			name = Release;
		};
		1F7E31901473BA2700E4D7C8 /* Debug */ = {
			isa = XCBuildConfiguration;
			buildSettings = {
				DSTROOT = /tmp/Movies_InfoModel.dst;
				GCC_PRECOMPILE_PREFIX_HEADER = YES;
				GCC_PREFIX_HEADER = "Movies-InfoModel/Movies-InfoModel-Prefix.pch";
				HEADER_SEARCH_PATHS = "$(SOURCE_ROOT)/RestKit/Build/";
				OTHER_LDFLAGS = "-ObjC";
				PRODUCT_NAME = "$(TARGET_NAME)";
				SKIP_INSTALL = YES;
			};
			name = Debug;
		};
		1F7E31911473BA2700E4D7C8 /* Release */ = {
			isa = XCBuildConfiguration;
			buildSettings = {
				DSTROOT = /tmp/Movies_InfoModel.dst;
				GCC_PRECOMPILE_PREFIX_HEADER = YES;
				GCC_PREFIX_HEADER = "Movies-InfoModel/Movies-InfoModel-Prefix.pch";
				HEADER_SEARCH_PATHS = "$(SOURCE_ROOT)/RestKit/Build/";
				OTHER_LDFLAGS = "-ObjC";
				PRODUCT_NAME = "$(TARGET_NAME)";
				SKIP_INSTALL = YES;
			};
			name = Release;
		};
		63626F661419414A00F3A4E2 /* Debug */ = {
			isa = XCBuildConfiguration;
			buildSettings = {
				ALWAYS_SEARCH_USER_PATHS = NO;
				ARCHS = "$(ARCHS_STANDARD_32_BIT)";
				CLANG_ENABLE_OBJC_ARC = NO;
				"CODE_SIGN_IDENTITY[sdk=iphoneos*]" = "iPhone Developer";
				COPY_PHASE_STRIP = NO;
				GCC_C_LANGUAGE_STANDARD = gnu99;
				GCC_DYNAMIC_NO_PIC = NO;
				GCC_OPTIMIZATION_LEVEL = 0;
				GCC_PREPROCESSOR_DEFINITIONS = (
					"DEBUG=1",
					"$(inherited)",
				);
				GCC_SYMBOLS_PRIVATE_EXTERN = NO;
				GCC_VERSION = com.apple.compilers.llvm.clang.1_0;
				GCC_WARN_ABOUT_MISSING_PROTOTYPES = YES;
				GCC_WARN_ABOUT_RETURN_TYPE = YES;
				GCC_WARN_UNUSED_VARIABLE = YES;
				IPHONEOS_DEPLOYMENT_TARGET = 5.0;
				SDKROOT = iphoneos;
			};
			name = Debug;
		};
		63626F671419414A00F3A4E2 /* Release */ = {
			isa = XCBuildConfiguration;
			buildSettings = {
				ALWAYS_SEARCH_USER_PATHS = NO;
				ARCHS = "$(ARCHS_STANDARD_32_BIT)";
				CLANG_ENABLE_OBJC_ARC = NO;
				"CODE_SIGN_IDENTITY[sdk=iphoneos*]" = "iPhone Developer";
				COPY_PHASE_STRIP = YES;
				GCC_C_LANGUAGE_STANDARD = gnu99;
				GCC_VERSION = com.apple.compilers.llvm.clang.1_0;
				GCC_WARN_ABOUT_MISSING_PROTOTYPES = YES;
				GCC_WARN_ABOUT_RETURN_TYPE = YES;
				GCC_WARN_UNUSED_VARIABLE = YES;
				IPHONEOS_DEPLOYMENT_TARGET = 5.0;
				OTHER_CFLAGS = "-DNS_BLOCK_ASSERTIONS=1";
				SDKROOT = iphoneos;
				VALIDATE_PRODUCT = YES;
			};
			name = Release;
		};
		63626F691419414A00F3A4E2 /* Debug */ = {
			isa = XCBuildConfiguration;
			buildSettings = {
				GCC_PRECOMPILE_PREFIX_HEADER = YES;
				GCC_PREFIX_HEADER = "Movies-Info/Movies-Info-Prefix.pch";
				HEADER_SEARCH_PATHS = "$(SOURCE_ROOT)/RestKit/Build/";
				INFOPLIST_FILE = "Movies-Info/Movies-Info-Info.plist";
				IPHONEOS_DEPLOYMENT_TARGET = 4.3;
				OTHER_LDFLAGS = "-ObjC";
				PRODUCT_NAME = "$(TARGET_NAME)";
				SDKROOT = iphoneos;
				WRAPPER_EXTENSION = app;
			};
			name = Debug;
		};
		63626F6A1419414A00F3A4E2 /* Release */ = {
			isa = XCBuildConfiguration;
			buildSettings = {
				GCC_PRECOMPILE_PREFIX_HEADER = YES;
				GCC_PREFIX_HEADER = "Movies-Info/Movies-Info-Prefix.pch";
				HEADER_SEARCH_PATHS = "$(SOURCE_ROOT)/RestKit/Build/";
				INFOPLIST_FILE = "Movies-Info/Movies-Info-Info.plist";
				IPHONEOS_DEPLOYMENT_TARGET = 4.3;
				OTHER_LDFLAGS = "-ObjC";
				PRODUCT_NAME = "$(TARGET_NAME)";
				SDKROOT = iphoneos;
				WRAPPER_EXTENSION = app;
			};
			name = Release;
		};
/* End XCBuildConfiguration section */

/* Begin XCConfigurationList section */
		1F7351C1146BCC0000D52947 /* Build configuration list for PBXNativeTarget "Movies-InfoTests" */ = {
			isa = XCConfigurationList;
			buildConfigurations = (
				1F7351C2146BCC0000D52947 /* Debug */,
				1F7351C3146BCC0000D52947 /* Release */,
			);
			defaultConfigurationIsVisible = 0;
			defaultConfigurationName = Release;
		};
		1F7E318F1473BA2700E4D7C8 /* Build configuration list for PBXNativeTarget "Movies-InfoModel" */ = {
			isa = XCConfigurationList;
			buildConfigurations = (
				1F7E31901473BA2700E4D7C8 /* Debug */,
				1F7E31911473BA2700E4D7C8 /* Release */,
			);
			defaultConfigurationIsVisible = 0;
			defaultConfigurationName = Release;
		};
		63626F4A1419414800F3A4E2 /* Build configuration list for PBXProject "Movies-Info" */ = {
			isa = XCConfigurationList;
			buildConfigurations = (
				63626F661419414A00F3A4E2 /* Debug */,
				63626F671419414A00F3A4E2 /* Release */,
			);
			defaultConfigurationIsVisible = 0;
			defaultConfigurationName = Release;
		};
		63626F681419414A00F3A4E2 /* Build configuration list for PBXNativeTarget "Movies-Info" */ = {
			isa = XCConfigurationList;
			buildConfigurations = (
				63626F691419414A00F3A4E2 /* Debug */,
				63626F6A1419414A00F3A4E2 /* Release */,
			);
			defaultConfigurationIsVisible = 0;
			defaultConfigurationName = Release;
		};
/* End XCConfigurationList section */
	};
	rootObject = 63626F471419414800F3A4E2 /* Project object */;
}
